{
  "object": {
    "pins": [
      {
        "package": "BTree",
        "repositoryURL": "https://github.com/attaswift/BTree",
        "state": {
          "branch": "5.x",
          "revision": "9e34b5311b0d44846d91245b8361a42d7e06275a",
          "version": null
        }
      },
      {
        "package": "BigInt",
        "repositoryURL": "https://github.com/attaswift/BigInt",
        "state": {
          "branch": "swift4",
          "revision": "b4bfe356e9bd76c59e0781d8584c495ab348b1f6",
          "version": null
        }
      },
      {
        "package": "GlueKit",
        "repositoryURL": "https://github.com/attaswift/GlueKit",
        "state": {
          "branch": "master",
          "revision": "3b29189d183d1f00b1ed40f2371f8a8a944483bb",
          "version": null
        }
      },
      {
        "package": "OptionParser",
        "repositoryURL": "https://github.com/attaswift/OptionParser",
        "state": {
          "branch": "master",
          "revision": "049f1e2b9d4550c25d99c54e17a045149e723afb",
          "version": null
        }
      },
      {
        "package": "SipHash",
        "repositoryURL": "https://github.com/attaswift/SipHash",
        "state": {
          "branch": "swift4",
          "revision": "059de25c8d7eccc2a7b8e6a98356f0016d3549bc",
          "version": null
        }
      }
    ]
  },
  "version": 1
}
