{
  "object": {
    "pins": [
      {
        "package": "Benchmarking",
        "repositoryURL": "https://github.com/attaswift/Benchmarking",
        "state": {
          "branch": "master",
          "revision": "5fb2680a1a3d6197f5dbba29d9d57c2c1c56799e",
          "version": null
        }
      },
      {
        "package": "BigInt",
        "repositoryURL": "https://github.com/attaswift/BigInt",
        "state": {
          "branch": null,
          "revision": "018a5925f60f9e0523edd261de394a0898fe95b7",
          "version": "3.1.0"
        }
      },
      {
        "package": "BTree",
        "repositoryURL": "https://github.com/attaswift/BTree",
        "state": {
          "branch": null,
          "revision": "83435371ef3c6d98107f5b562a5870a3dfca6243",
          "version": "4.1.0"
        }
      },
      {
        "package": "GlueKit",
        "repositoryURL": "https://github.com/attaswift/GlueKit",
        "state": {
          "branch": null,
          "revision": "a5766bb11eb2681f58593cc33d1103ef20aa85ad",
          "version": "0.2.0"
        }
      },
      {
        "package": "OptionParser",
        "repositoryURL": "https://github.com/attaswift/OptionParser",
        "state": {
          "branch": null,
          "revision": "049f1e2b9d4550c25d99c54e17a045149e723afb",
          "version": "1.0.0"
        }
      },
      {
        "package": "SipHash",
        "repositoryURL": "https://github.com/attaswift/SipHash",
        "state": {
          "branch": null,
          "revision": "e325083424688055363bbfcb7f1a440d7d7a1bae",
          "version": "1.2.2"
        }
      }
    ]
  },
  "version": 1
}
