// !$*UTF8*$!
{
	archiveVersion = 1;
	classes = {
	};
	objectVersion = 48;
	objects = {

/* Begin PBXBuildFile section */
		BB6CD6B81F49DB850091697D /* main.swift in Sources */ = {isa = PBXBuildFile; fileRef = BB1BDEA91F3FC409007ADB5D /* main.swift */; };
		BB6CD6B91F49DBA90091697D /* Benchmarking.framework in Frameworks */ = {isa = PBXBuildFile; fileRef = BB6CD67B1F49D6BB0091697D /* Benchmarking.framework */; };
		BB6CD6BA1F49DBA90091697D /* Benchmarking.framework in Embed Frameworks */ = {isa = PBXBuildFile; fileRef = BB6CD67B1F49D6BB0091697D /* Benchmarking.framework */; settings = {ATTRIBUTES = (CodeSignOnCopy, RemoveHeadersOnCopy, ); }; };
		BB6CD6BB1F49DBA90091697D /* BigInt.framework in Frameworks */ = {isa = PBXBuildFile; fileRef = BB6CD6801F49D79C0091697D /* BigInt.framework */; };
		BB6CD6BC1F49DBA90091697D /* BigInt.framework in Embed Frameworks */ = {isa = PBXBuildFile; fileRef = BB6CD6801F49D79C0091697D /* BigInt.framework */; settings = {ATTRIBUTES = (CodeSignOnCopy, RemoveHeadersOnCopy, ); }; };
		BB6CD6BD1F49DBA90091697D /* SipHash.framework in Frameworks */ = {isa = PBXBuildFile; fileRef = BB6CD6811F49D79C0091697D /* SipHash.framework */; };
		BB6CD6BE1F49DBA90091697D /* SipHash.framework in Embed Frameworks */ = {isa = PBXBuildFile; fileRef = BB6CD6811F49D79C0091697D /* SipHash.framework */; settings = {ATTRIBUTES = (CodeSignOnCopy, RemoveHeadersOnCopy, ); }; };
		BBCA26CE1F596F8100C6FB74 /* run.sh in Resources */ = {isa = PBXBuildFile; fileRef = BBCA26CD1F596F8100C6FB74 /* run.sh */; };
/* End PBXBuildFile section */

/* Begin PBXCopyFilesBuildPhase section */
		BB6CD6BF1F49DBA90091697D /* Embed Frameworks */ = {
			isa = PBXCopyFilesBuildPhase;
			buildActionMask = 2147483647;
			dstPath = "";
			dstSubfolderSpec = 10;
			files = (
				BB6CD6BA1F49DBA90091697D /* Benchmarking.framework in Embed Frameworks */,
				BB6CD6BC1F49DBA90091697D /* BigInt.framework in Embed Frameworks */,
				BB6CD6BE1F49DBA90091697D /* SipHash.framework in Embed Frameworks */,
			);
			name = "Embed Frameworks";
			runOnlyForDeploymentPostprocessing = 0;
		};
/* End PBXCopyFilesBuildPhase section */

/* Begin PBXFileReference section */
		BB1BDEA91F3FC409007ADB5D /* main.swift */ = {isa = PBXFileReference; lastKnownFileType = sourcecode.swift; path = main.swift; sourceTree = "<group>"; };
		BB4F15481F3FC8DA003C05C3 /* Package.swift */ = {isa = PBXFileReference; lastKnownFileType = sourcecode.swift; path = Package.swift; sourceTree = "<group>"; };
		BB6CD67B1F49D6BB0091697D /* Benchmarking.framework */ = {isa = PBXFileReference; lastKnownFileType = wrapper.framework; name = Benchmarking.framework; path = "../../../Library/Developer/Xcode/DerivedData/Attabench-eevvdypphqqzvmdyjjrvtcchxnjf/Build/Products/Debug/Benchmarking.framework"; sourceTree = "<group>"; };
		BB6CD6801F49D79C0091697D /* BigInt.framework */ = {isa = PBXFileReference; lastKnownFileType = wrapper.framework; name = BigInt.framework; path = ../Carthage/Build/Mac/BigInt.framework; sourceTree = "<group>"; };
		BB6CD6811F49D79C0091697D /* SipHash.framework */ = {isa = PBXFileReference; lastKnownFileType = wrapper.framework; name = SipHash.framework; path = ../Carthage/Build/Mac/SipHash.framework; sourceTree = "<group>"; };
		BB6CD68C1F49DB4C0091697D /* Benchmark.app */ = {isa = PBXFileReference; explicitFileType = wrapper.application; includeInIndex = 0; path = Benchmark.app; sourceTree = BUILT_PRODUCTS_DIR; };
		BB6CD6971F49DB4C0091697D /* Info.plist */ = {isa = PBXFileReference; lastKnownFileType = text.plist.xml; path = Info.plist; sourceTree = "<group>"; };
		BBCA26CD1F596F8100C6FB74 /* run.sh */ = {isa = PBXFileReference; fileEncoding = 4; lastKnownFileType = text.script.sh; path = run.sh; sourceTree = "<group>"; };
/* End PBXFileReference section */

/* Begin PBXFrameworksBuildPhase section */
		BB6CD6891F49DB4C0091697D /* Frameworks */ = {
			isa = PBXFrameworksBuildPhase;
			buildActionMask = 2147483647;
			files = (
				BB6CD6B91F49DBA90091697D /* Benchmarking.framework in Frameworks */,
				BB6CD6BB1F49DBA90091697D /* BigInt.framework in Frameworks */,
				BB6CD6BD1F49DBA90091697D /* SipHash.framework in Frameworks */,
			);
			runOnlyForDeploymentPostprocessing = 0;
		};
/* End PBXFrameworksBuildPhase section */

/* Begin PBXGroup section */
		BB1BDE9D1F3FC409007ADB5D = {
			isa = PBXGroup;
			children = (
				BB4F15481F3FC8DA003C05C3 /* Package.swift */,
				BBCA26CD1F596F8100C6FB74 /* run.sh */,
				BB1BDEA81F3FC409007ADB5D /* Sources */,
				BB1BDEA71F3FC409007ADB5D /* Products */,
				BB7BC5851F3FC624004484EF /* Frameworks */,
			);
			sourceTree = "<group>";
		};
		BB1BDEA71F3FC409007ADB5D /* Products */ = {
			isa = PBXGroup;
			children = (
				BB6CD68C1F49DB4C0091697D /* Benchmark.app */,
			);
			name = Products;
			sourceTree = "<group>";
		};
		BB1BDEA81F3FC409007ADB5D /* Sources */ = {
			isa = PBXGroup;
			children = (
				BB6CD6971F49DB4C0091697D /* Info.plist */,
				BB1BDEA91F3FC409007ADB5D /* main.swift */,
			);
			path = Sources;
			sourceTree = "<group>";
		};
		BB7BC5851F3FC624004484EF /* Frameworks */ = {
			isa = PBXGroup;
			children = (
				BB6CD6801F49D79C0091697D /* BigInt.framework */,
				BB6CD6811F49D79C0091697D /* SipHash.framework */,
				BB6CD67B1F49D6BB0091697D /* Benchmarking.framework */,
			);
			name = Frameworks;
			sourceTree = "<group>";
		};
/* End PBXGroup section */

/* Begin PBXNativeTarget section */
		BB6CD68B1F49DB4C0091697D /* Benchmark */ = {
			isa = PBXNativeTarget;
			buildConfigurationList = BB6CD6AF1F49DB4C0091697D /* Build configuration list for PBXNativeTarget "Benchmark" */;
			buildPhases = (
				BB6CD6881F49DB4C0091697D /* Sources */,
				BB6CD6891F49DB4C0091697D /* Frameworks */,
				BB6CD68A1F49DB4C0091697D /* Resources */,
				BB6CD6BF1F49DBA90091697D /* Embed Frameworks */,
			);
			buildRules = (
			);
			dependencies = (
			);
			name = Benchmark;
			productName = Benchmark;
			productReference = BB6CD68C1F49DB4C0091697D /* Benchmark.app */;
			productType = "com.apple.product-type.application";
		};
/* End PBXNativeTarget section */

/* Begin PBXProject section */
		BB1BDE9E1F3FC409007ADB5D /* Project object */ = {
			isa = PBXProject;
			attributes = {
				LastSwiftUpdateCheck = 0900;
				LastUpgradeCheck = 0900;
				ORGANIZATIONNAME = "Károly Lőrentey";
				TargetAttributes = {
					BB6CD68B1F49DB4C0091697D = {
						CreatedOnToolsVersion = 9.0;
					};
				};
			};
			buildConfigurationList = BB1BDEA11F3FC409007ADB5D /* Build configuration list for PBXProject "SampleBenchmark" */;
			compatibilityVersion = "Xcode 8.0";
			developmentRegion = en;
			hasScannedForEncodings = 0;
			knownRegions = (
				en,
				Base,
			);
			mainGroup = BB1BDE9D1F3FC409007ADB5D;
			productRefGroup = BB1BDEA71F3FC409007ADB5D /* Products */;
			projectDirPath = "";
			projectRoot = "";
			targets = (
				BB6CD68B1F49DB4C0091697D /* Benchmark */,
			);
		};
/* End PBXProject section */

/* Begin PBXResourcesBuildPhase section */
		BB6CD68A1F49DB4C0091697D /* Resources */ = {
			isa = PBXResourcesBuildPhase;
			buildActionMask = 2147483647;
			files = (
				BBCA26CE1F596F8100C6FB74 /* run.sh in Resources */,
			);
			runOnlyForDeploymentPostprocessing = 0;
		};
/* End PBXResourcesBuildPhase section */

/* Begin PBXSourcesBuildPhase section */
		BB6CD6881F49DB4C0091697D /* Sources */ = {
			isa = PBXSourcesBuildPhase;
			buildActionMask = 2147483647;
			files = (
				BB6CD6B81F49DB850091697D /* main.swift in Sources */,
			);
			runOnlyForDeploymentPostprocessing = 0;
		};
/* End PBXSourcesBuildPhase section */

/* Begin XCBuildConfiguration section */
		BB1BDEAB1F3FC409007ADB5D /* Debug */ = {
			isa = XCBuildConfiguration;
			buildSettings = {
				ALWAYS_SEARCH_USER_PATHS = NO;
				CLANG_ANALYZER_NONNULL = YES;
				CLANG_ANALYZER_NUMBER_OBJECT_CONVERSION = YES_AGGRESSIVE;
				CLANG_CXX_LANGUAGE_STANDARD = "gnu++14";
				CLANG_CXX_LIBRARY = "libc++";
				CLANG_ENABLE_MODULES = YES;
				CLANG_ENABLE_OBJC_ARC = YES;
				CLANG_WARN_BLOCK_CAPTURE_AUTORELEASING = YES;
				CLANG_WARN_BOOL_CONVERSION = YES;
				CLANG_WARN_COMMA = YES;
				CLANG_WARN_CONSTANT_CONVERSION = YES;
				CLANG_WARN_DIRECT_OBJC_ISA_USAGE = YES_ERROR;
				CLANG_WARN_DOCUMENTATION_COMMENTS = YES;
				CLANG_WARN_EMPTY_BODY = YES;
				CLANG_WARN_ENUM_CONVERSION = YES;
				CLANG_WARN_INFINITE_RECURSION = YES;
				CLANG_WARN_INT_CONVERSION = YES;
				CLANG_WARN_NON_LITERAL_NULL_CONVERSION = YES;
				CLANG_WARN_OBJC_LITERAL_CONVERSION = YES;
				CLANG_WARN_OBJC_ROOT_CLASS = YES_ERROR;
				CLANG_WARN_RANGE_LOOP_ANALYSIS = YES;
				CLANG_WARN_STRICT_PROTOTYPES = YES;
				CLANG_WARN_SUSPICIOUS_MOVE = YES;
				CLANG_WARN_UNGUARDED_AVAILABILITY = YES_AGGRESSIVE;
				CLANG_WARN_UNREACHABLE_CODE = YES;
				CLANG_WARN__DUPLICATE_METHOD_MATCH = YES;
				CODE_SIGN_IDENTITY = "-";
				COPY_PHASE_STRIP = NO;
				DEBUG_INFORMATION_FORMAT = dwarf;
				ENABLE_STRICT_OBJC_MSGSEND = YES;
				ENABLE_TESTABILITY = YES;
				FRAMEWORK_SEARCH_PATHS = "$(SRCROOT)/../Carthage/Build/Mac";
				GCC_C_LANGUAGE_STANDARD = gnu11;
				GCC_DYNAMIC_NO_PIC = NO;
				GCC_NO_COMMON_BLOCKS = YES;
				GCC_OPTIMIZATION_LEVEL = 0;
				GCC_PREPROCESSOR_DEFINITIONS = (
					"DEBUG=1",
					"$(inherited)",
				);
				GCC_WARN_64_TO_32_BIT_CONVERSION = YES;
				GCC_WARN_ABOUT_RETURN_TYPE = YES_ERROR;
				GCC_WARN_UNDECLARED_SELECTOR = YES;
				GCC_WARN_UNINITIALIZED_AUTOS = YES_AGGRESSIVE;
				GCC_WARN_UNUSED_FUNCTION = YES;
				GCC_WARN_UNUSED_VARIABLE = YES;
				LD_RUNPATH_SEARCH_PATHS = ". $(SRCROOT)/../Carthage/Build/Mac";
				MACOSX_DEPLOYMENT_TARGET = 10.12;
				MTL_ENABLE_DEBUG_INFO = YES;
				ONLY_ACTIVE_ARCH = YES;
				SDKROOT = macosx;
				SWIFT_ACTIVE_COMPILATION_CONDITIONS = DEBUG;
				SWIFT_OPTIMIZATION_LEVEL = "-Onone";
				SWIFT_VERSION = 4.0;
			};
			name = Debug;
		};
		BB1BDEAC1F3FC409007ADB5D /* Release */ = {
			isa = XCBuildConfiguration;
			buildSettings = {
				ALWAYS_SEARCH_USER_PATHS = NO;
				CLANG_ANALYZER_NONNULL = YES;
				CLANG_ANALYZER_NUMBER_OBJECT_CONVERSION = YES_AGGRESSIVE;
				CLANG_CXX_LANGUAGE_STANDARD = "gnu++14";
				CLANG_CXX_LIBRARY = "libc++";
				CLANG_ENABLE_MODULES = YES;
				CLANG_ENABLE_OBJC_ARC = YES;
				CLANG_WARN_BLOCK_CAPTURE_AUTORELEASING = YES;
				CLANG_WARN_BOOL_CONVERSION = YES;
				CLANG_WARN_COMMA = YES;
				CLANG_WARN_CONSTANT_CONVERSION = YES;
				CLANG_WARN_DIRECT_OBJC_ISA_USAGE = YES_ERROR;
				CLANG_WARN_DOCUMENTATION_COMMENTS = YES;
				CLANG_WARN_EMPTY_BODY = YES;
				CLANG_WARN_ENUM_CONVERSION = YES;
				CLANG_WARN_INFINITE_RECURSION = YES;
				CLANG_WARN_INT_CONVERSION = YES;
				CLANG_WARN_NON_LITERAL_NULL_CONVERSION = YES;
				CLANG_WARN_OBJC_LITERAL_CONVERSION = YES;
				CLANG_WARN_OBJC_ROOT_CLASS = YES_ERROR;
				CLANG_WARN_RANGE_LOOP_ANALYSIS = YES;
				CLANG_WARN_STRICT_PROTOTYPES = YES;
				CLANG_WARN_SUSPICIOUS_MOVE = YES;
				CLANG_WARN_UNGUARDED_AVAILABILITY = YES_AGGRESSIVE;
				CLANG_WARN_UNREACHABLE_CODE = YES;
				CLANG_WARN__DUPLICATE_METHOD_MATCH = YES;
				CODE_SIGN_IDENTITY = "-";
				COPY_PHASE_STRIP = NO;
				DEBUG_INFORMATION_FORMAT = "dwarf-with-dsym";
				ENABLE_NS_ASSERTIONS = NO;
				ENABLE_STRICT_OBJC_MSGSEND = YES;
				FRAMEWORK_SEARCH_PATHS = "$(SRCROOT)/../Carthage/Build/Mac";
				GCC_C_LANGUAGE_STANDARD = gnu11;
				GCC_NO_COMMON_BLOCKS = YES;
				GCC_WARN_64_TO_32_BIT_CONVERSION = YES;
				GCC_WARN_ABOUT_RETURN_TYPE = YES_ERROR;
				GCC_WARN_UNDECLARED_SELECTOR = YES;
				GCC_WARN_UNINITIALIZED_AUTOS = YES_AGGRESSIVE;
				GCC_WARN_UNUSED_FUNCTION = YES;
				GCC_WARN_UNUSED_VARIABLE = YES;
				LD_RUNPATH_SEARCH_PATHS = ". $(SRCROOT)/../Carthage/Build/Mac";
				MACOSX_DEPLOYMENT_TARGET = 10.12;
				MTL_ENABLE_DEBUG_INFO = NO;
				SDKROOT = macosx;
				SWIFT_OPTIMIZATION_LEVEL = "-Owholemodule";
				SWIFT_VERSION = 4.0;
			};
			name = Release;
		};
		BB6CD6B01F49DB4C0091697D /* Debug */ = {
			isa = XCBuildConfiguration;
			buildSettings = {
				ASSETCATALOG_COMPILER_APPICON_NAME = AppIcon;
				COMBINE_HIDPI_IMAGES = YES;
				INFOPLIST_FILE = Sources/Info.plist;
				LD_RUNPATH_SEARCH_PATHS = "$(inherited) @executable_path/../Frameworks";
				MACOSX_DEPLOYMENT_TARGET = 10.13;
				PRODUCT_BUNDLE_IDENTIFIER = org.attaswift.Benchmark;
				PRODUCT_NAME = "$(TARGET_NAME)";
				SWIFT_VERSION = 4.0;
			};
			name = Debug;
		};
		BB6CD6B11F49DB4C0091697D /* Release */ = {
			isa = XCBuildConfiguration;
			buildSettings = {
				ASSETCATALOG_COMPILER_APPICON_NAME = AppIcon;
				COMBINE_HIDPI_IMAGES = YES;
				INFOPLIST_FILE = Sources/Info.plist;
				LD_RUNPATH_SEARCH_PATHS = "$(inherited) @executable_path/../Frameworks";
				MACOSX_DEPLOYMENT_TARGET = 10.13;
				PRODUCT_BUNDLE_IDENTIFIER = org.attaswift.Benchmark;
				PRODUCT_NAME = "$(TARGET_NAME)";
				SWIFT_VERSION = 4.0;
			};
			name = Release;
		};
/* End XCBuildConfiguration section */

/* Begin XCConfigurationList section */
		BB1BDEA11F3FC409007ADB5D /* Build configuration list for PBXProject "SampleBenchmark" */ = {
			isa = XCConfigurationList;
			buildConfigurations = (
				BB1BDEAB1F3FC409007ADB5D /* Debug */,
				BB1BDEAC1F3FC409007ADB5D /* Release */,
			);
			defaultConfigurationIsVisible = 0;
			defaultConfigurationName = Release;
		};
		BB6CD6AF1F49DB4C0091697D /* Build configuration list for PBXNativeTarget "Benchmark" */ = {
			isa = XCConfigurationList;
			buildConfigurations = (
				BB6CD6B01F49DB4C0091697D /* Debug */,
				BB6CD6B11F49DB4C0091697D /* Release */,
			);
			defaultConfigurationIsVisible = 0;
			defaultConfigurationName = Release;
		};
/* End XCConfigurationList section */
	};
	rootObject = BB1BDE9E1F3FC409007ADB5D /* Project object */;
}
