{
  "object": {
    "pins": [
      {
        "package": "Attabench",
        "repositoryURL": "https://github.com/attaswift/Benchmarking",
        "state": {
          "branch": "master",
          "revision": "d64217a7f82b879c535ca461a33b744176bfe28b",
          "version": null
        }
      },
      {
        "package": "BTree",
        "repositoryURL": "https://github.com/attaswift/BTree",
        "state": {
          "branch": "5.x",
          "revision": "9e34b5311b0d44846d91245b8361a42d7e06275a",
          "version": null
        }
      },
      {
        "package": "OptionParser",
        "repositoryURL": "https://github.com/attaswift/OptionParser",
        "state": {
          "branch": "master",
          "revision": "049f1e2b9d4550c25d99c54e17a045149e723afb",
          "version": null
        }
      }
    ]
  },
  "version": 1
}
