// !$*UTF8*$!
{
	archiveVersion = 1;
	classes = {
	};
	objectVersion = 46;
	objects = {

/* Begin PBXBuildFile section */
		BB35FF971E344D03003ABBF3 /* AlgebraicTree.swift in Sources */ = {isa = PBXBuildFile; fileRef = BB35FF961E344D03003ABBF3 /* AlgebraicTree.swift */; };
		BB35FF991E359756003ABBF3 /* StatusButtonInTitlebar.swift in Sources */ = {isa = PBXBuildFile; fileRef = BB35FF981E359756003ABBF3 /* StatusButtonInTitlebar.swift */; };
		BB35FF9B1E363B90003ABBF3 /* ColoredView.swift in Sources */ = {isa = PBXBuildFile; fileRef = BB35FF9A1E363B90003ABBF3 /* ColoredView.swift */; };
		BB83AAC71E3125D000BFE22D /* AppDelegate.swift in Sources */ = {isa = PBXBuildFile; fileRef = BB83AAC61E3125D000BFE22D /* AppDelegate.swift */; };
		BB83AAC91E3125D000BFE22D /* Assets.xcassets in Resources */ = {isa = PBXBuildFile; fileRef = BB83AAC81E3125D000BFE22D /* Assets.xcassets */; };
		BB83AACC1E3125D000BFE22D /* MainMenu.xib in Resources */ = {isa = PBXBuildFile; fileRef = BB83AACA1E3125D000BFE22D /* MainMenu.xib */; };
		BB8E0DDA1E3237D900505773 /* BenchmarkingTools.framework in Frameworks */ = {isa = PBXBuildFile; fileRef = BB8E0DD11E3237D900505773 /* BenchmarkingTools.framework */; };
		BB8E0DE11E3237D900505773 /* BenchmarkingToolsTests.swift in Sources */ = {isa = PBXBuildFile; fileRef = BB8E0DE01E3237D900505773 /* BenchmarkingToolsTests.swift */; };
		BB8E0DE61E3237D900505773 /* BenchmarkingTools.framework in Frameworks */ = {isa = PBXBuildFile; fileRef = BB8E0DD11E3237D900505773 /* BenchmarkingTools.framework */; };
		BB8E0DE71E3237D900505773 /* BenchmarkingTools.framework in Embed Frameworks */ = {isa = PBXBuildFile; fileRef = BB8E0DD11E3237D900505773 /* BenchmarkingTools.framework */; settings = {ATTRIBUTES = (CodeSignOnCopy, RemoveHeadersOnCopy, ); }; };
		BB8E0DF81E32383900505773 /* Benchmarks.swift in Sources */ = {isa = PBXBuildFile; fileRef = BB8E0DF21E32383900505773 /* Benchmarks.swift */; };
		BB8E0DF91E32383900505773 /* BinaryTree.swift in Sources */ = {isa = PBXBuildFile; fileRef = BB8E0DF31E32383900505773 /* BinaryTree.swift */; };
		BB8E0DFA1E32383900505773 /* BTree.swift in Sources */ = {isa = PBXBuildFile; fileRef = BB8E0DF41E32383900505773 /* BTree.swift */; };
		BB8E0DFB1E32383900505773 /* COWTree.swift in Sources */ = {isa = PBXBuildFile; fileRef = BB8E0DF51E32383900505773 /* COWTree.swift */; };
		BB8E0DFC1E32383900505773 /* Shuffle.swift in Sources */ = {isa = PBXBuildFile; fileRef = BB8E0DF61E32383900505773 /* Shuffle.swift */; };
		BB8E0DFD1E32383900505773 /* SortedArray.swift in Sources */ = {isa = PBXBuildFile; fileRef = BB8E0DF71E32383900505773 /* SortedArray.swift */; };
		BB8E0DFF1E32384500505773 /* Benchmark.swift in Sources */ = {isa = PBXBuildFile; fileRef = BB8E0DFE1E32384500505773 /* Benchmark.swift */; };
		BB8E0E011E323F7700505773 /* Timestamp.swift in Sources */ = {isa = PBXBuildFile; fileRef = BB8E0E001E323F7700505773 /* Timestamp.swift */; };
		BB8E0E021E32418C00505773 /* BenchmarkingTools.framework in Frameworks */ = {isa = PBXBuildFile; fileRef = BB8E0DD11E3237D900505773 /* BenchmarkingTools.framework */; };
		BB8E0E051E3253E500505773 /* CollectionBenchmarks.framework in Frameworks */ = {isa = PBXBuildFile; fileRef = BB8E0DBC1E316CC700505773 /* CollectionBenchmarks.framework */; };
		BB8E0E061E3253E500505773 /* CollectionBenchmarks.framework in Embed Frameworks */ = {isa = PBXBuildFile; fileRef = BB8E0DBC1E316CC700505773 /* CollectionBenchmarks.framework */; settings = {ATTRIBUTES = (CodeSignOnCopy, RemoveHeadersOnCopy, ); }; };
		BB8E0E0A1E3262C600505773 /* ChartRendering.swift in Sources */ = {isa = PBXBuildFile; fileRef = BB8E0E091E3262C600505773 /* ChartRendering.swift */; };
		BB8E0E0C1E329E6F00505773 /* Runner.swift in Sources */ = {isa = PBXBuildFile; fileRef = BB8E0E0B1E329E6F00505773 /* Runner.swift */; };
		BB8E0E0E1E32A35500505773 /* Results.swift in Sources */ = {isa = PBXBuildFile; fileRef = BB8E0E0D1E32A35500505773 /* Results.swift */; };
		BB8E0E131E33D64000505773 /* BTree.framework in Frameworks */ = {isa = PBXBuildFile; fileRef = BB8E0E101E33D64000505773 /* BTree.framework */; };
		BB8E0E141E33D64000505773 /* BTree.framework in Embed Frameworks */ = {isa = PBXBuildFile; fileRef = BB8E0E101E33D64000505773 /* BTree.framework */; settings = {ATTRIBUTES = (CodeSignOnCopy, RemoveHeadersOnCopy, ); }; };
		BB8E0E151E33D64000505773 /* GlueKit.framework in Frameworks */ = {isa = PBXBuildFile; fileRef = BB8E0E111E33D64000505773 /* GlueKit.framework */; };
		BB8E0E161E33D64000505773 /* GlueKit.framework in Embed Frameworks */ = {isa = PBXBuildFile; fileRef = BB8E0E111E33D64000505773 /* GlueKit.framework */; settings = {ATTRIBUTES = (CodeSignOnCopy, RemoveHeadersOnCopy, ); }; };
		BB8E0E171E33D64000505773 /* SipHash.framework in Frameworks */ = {isa = PBXBuildFile; fileRef = BB8E0E121E33D64000505773 /* SipHash.framework */; };
		BB8E0E181E33D64000505773 /* SipHash.framework in Embed Frameworks */ = {isa = PBXBuildFile; fileRef = BB8E0E121E33D64000505773 /* SipHash.framework */; settings = {ATTRIBUTES = (CodeSignOnCopy, RemoveHeadersOnCopy, ); }; };
		BB8E0E1E1E33D69100505773 /* BTree.framework.dSYM in Copy dSYMs for Dependencies */ = {isa = PBXBuildFile; fileRef = BB8E0E1B1E33D69100505773 /* BTree.framework.dSYM */; };
		BB8E0E1F1E33D69100505773 /* GlueKit.framework.dSYM in Copy dSYMs for Dependencies */ = {isa = PBXBuildFile; fileRef = BB8E0E1C1E33D69100505773 /* GlueKit.framework.dSYM */; };
		BB8E0E201E33D69100505773 /* SipHash.framework.dSYM in Copy dSYMs for Dependencies */ = {isa = PBXBuildFile; fileRef = BB8E0E1D1E33D69100505773 /* SipHash.framework.dSYM */; };
		BB8E0E211E33D6B300505773 /* SipHash.framework in Frameworks */ = {isa = PBXBuildFile; fileRef = BB8E0E121E33D64000505773 /* SipHash.framework */; };
		BB9CEB771E33F4E70007C8C9 /* DraggableImageView.swift in Sources */ = {isa = PBXBuildFile; fileRef = BB9CEB761E33F4E70007C8C9 /* DraggableImageView.swift */; };
/* End PBXBuildFile section */

/* Begin PBXContainerItemProxy section */
		BB8E0DDB1E3237D900505773 /* PBXContainerItemProxy */ = {
			isa = PBXContainerItemProxy;
			containerPortal = BB1DA9C51E2E5923000F2B03 /* Project object */;
			proxyType = 1;
			remoteGlobalIDString = BB8E0DD01E3237D900505773;
			remoteInfo = BenchmarkingTools;
		};
		BB8E0DDD1E3237D900505773 /* PBXContainerItemProxy */ = {
			isa = PBXContainerItemProxy;
			containerPortal = BB1DA9C51E2E5923000F2B03 /* Project object */;
			proxyType = 1;
			remoteGlobalIDString = BB83AAC31E3125CF00BFE22D;
			remoteInfo = Benchmark;
		};
		BB8E0DE41E3237D900505773 /* PBXContainerItemProxy */ = {
			isa = PBXContainerItemProxy;
			containerPortal = BB1DA9C51E2E5923000F2B03 /* Project object */;
			proxyType = 1;
			remoteGlobalIDString = BB8E0DD01E3237D900505773;
			remoteInfo = BenchmarkingTools;
		};
		BB8E0E071E3253E500505773 /* PBXContainerItemProxy */ = {
			isa = PBXContainerItemProxy;
			containerPortal = BB1DA9C51E2E5923000F2B03 /* Project object */;
			proxyType = 1;
			remoteGlobalIDString = BB8E0DBB1E316CC700505773;
			remoteInfo = CollectionBenchmarks;
		};
/* End PBXContainerItemProxy section */

/* Begin PBXCopyFilesBuildPhase section */
		BB8E0DCA1E316CC800505773 /* Embed Frameworks */ = {
			isa = PBXCopyFilesBuildPhase;
			buildActionMask = 2147483647;
			dstPath = "";
			dstSubfolderSpec = 10;
			files = (
				BB8E0E061E3253E500505773 /* CollectionBenchmarks.framework in Embed Frameworks */,
				BB8E0DE71E3237D900505773 /* BenchmarkingTools.framework in Embed Frameworks */,
				BB8E0E181E33D64000505773 /* SipHash.framework in Embed Frameworks */,
				BB8E0E161E33D64000505773 /* GlueKit.framework in Embed Frameworks */,
				BB8E0E141E33D64000505773 /* BTree.framework in Embed Frameworks */,
			);
			name = "Embed Frameworks";
			runOnlyForDeploymentPostprocessing = 0;
		};
		BB8E0E1A1E33D66700505773 /* Copy dSYMs for Dependencies */ = {
			isa = PBXCopyFilesBuildPhase;
			buildActionMask = 2147483647;
			dstPath = "";
			dstSubfolderSpec = 16;
			files = (
				BB8E0E1E1E33D69100505773 /* BTree.framework.dSYM in Copy dSYMs for Dependencies */,
				BB8E0E1F1E33D69100505773 /* GlueKit.framework.dSYM in Copy dSYMs for Dependencies */,
				BB8E0E201E33D69100505773 /* SipHash.framework.dSYM in Copy dSYMs for Dependencies */,
			);
			name = "Copy dSYMs for Dependencies";
			runOnlyForDeploymentPostprocessing = 0;
		};
/* End PBXCopyFilesBuildPhase section */

/* Begin PBXFileReference section */
		BB1DA9CD1E2E5923000F2B03 /* dotSwift */ = {isa = PBXFileReference; explicitFileType = "compiled.mach-o.executable"; includeInIndex = 0; path = dotSwift; sourceTree = BUILT_PRODUCTS_DIR; };
		BB35FF961E344D03003ABBF3 /* AlgebraicTree.swift */ = {isa = PBXFileReference; fileEncoding = 4; lastKnownFileType = sourcecode.swift; path = AlgebraicTree.swift; sourceTree = "<group>"; };
		BB35FF981E359756003ABBF3 /* StatusButtonInTitlebar.swift */ = {isa = PBXFileReference; fileEncoding = 4; lastKnownFileType = sourcecode.swift; path = StatusButtonInTitlebar.swift; sourceTree = "<group>"; };
		BB35FF9A1E363B90003ABBF3 /* ColoredView.swift */ = {isa = PBXFileReference; fileEncoding = 4; lastKnownFileType = sourcecode.swift; path = ColoredView.swift; sourceTree = "<group>"; };
		BB83AAC41E3125CF00BFE22D /* Benchmark.app */ = {isa = PBXFileReference; explicitFileType = wrapper.application; includeInIndex = 0; path = Benchmark.app; sourceTree = BUILT_PRODUCTS_DIR; };
		BB83AAC61E3125D000BFE22D /* AppDelegate.swift */ = {isa = PBXFileReference; lastKnownFileType = sourcecode.swift; path = AppDelegate.swift; sourceTree = "<group>"; };
		BB83AAC81E3125D000BFE22D /* Assets.xcassets */ = {isa = PBXFileReference; lastKnownFileType = folder.assetcatalog; path = Assets.xcassets; sourceTree = "<group>"; };
		BB83AACB1E3125D000BFE22D /* Base */ = {isa = PBXFileReference; lastKnownFileType = file.xib; name = Base; path = Base.lproj/MainMenu.xib; sourceTree = "<group>"; };
		BB83AACD1E3125D000BFE22D /* Info.plist */ = {isa = PBXFileReference; lastKnownFileType = text.plist.xml; path = Info.plist; sourceTree = "<group>"; };
		BB8E0DBC1E316CC700505773 /* CollectionBenchmarks.framework */ = {isa = PBXFileReference; explicitFileType = wrapper.framework; includeInIndex = 0; path = CollectionBenchmarks.framework; sourceTree = BUILT_PRODUCTS_DIR; };
		BB8E0DBF1E316CC800505773 /* Info.plist */ = {isa = PBXFileReference; lastKnownFileType = text.plist.xml; path = Info.plist; sourceTree = "<group>"; };
		BB8E0DD11E3237D900505773 /* BenchmarkingTools.framework */ = {isa = PBXFileReference; explicitFileType = wrapper.framework; includeInIndex = 0; path = BenchmarkingTools.framework; sourceTree = BUILT_PRODUCTS_DIR; };
		BB8E0DD41E3237D900505773 /* Info.plist */ = {isa = PBXFileReference; lastKnownFileType = text.plist.xml; path = Info.plist; sourceTree = "<group>"; };
		BB8E0DD91E3237D900505773 /* BenchmarkingToolsTests.xctest */ = {isa = PBXFileReference; explicitFileType = wrapper.cfbundle; includeInIndex = 0; path = BenchmarkingToolsTests.xctest; sourceTree = BUILT_PRODUCTS_DIR; };
		BB8E0DE01E3237D900505773 /* BenchmarkingToolsTests.swift */ = {isa = PBXFileReference; lastKnownFileType = sourcecode.swift; path = BenchmarkingToolsTests.swift; sourceTree = "<group>"; };
		BB8E0DE21E3237D900505773 /* Info.plist */ = {isa = PBXFileReference; lastKnownFileType = text.plist.xml; path = Info.plist; sourceTree = "<group>"; };
		BB8E0DF21E32383900505773 /* Benchmarks.swift */ = {isa = PBXFileReference; fileEncoding = 4; lastKnownFileType = sourcecode.swift; path = Benchmarks.swift; sourceTree = "<group>"; };
		BB8E0DF31E32383900505773 /* BinaryTree.swift */ = {isa = PBXFileReference; fileEncoding = 4; lastKnownFileType = sourcecode.swift; path = BinaryTree.swift; sourceTree = "<group>"; };
		BB8E0DF41E32383900505773 /* BTree.swift */ = {isa = PBXFileReference; fileEncoding = 4; lastKnownFileType = sourcecode.swift; path = BTree.swift; sourceTree = "<group>"; };
		BB8E0DF51E32383900505773 /* COWTree.swift */ = {isa = PBXFileReference; fileEncoding = 4; lastKnownFileType = sourcecode.swift; path = COWTree.swift; sourceTree = "<group>"; };
		BB8E0DF61E32383900505773 /* Shuffle.swift */ = {isa = PBXFileReference; fileEncoding = 4; lastKnownFileType = sourcecode.swift; path = Shuffle.swift; sourceTree = "<group>"; };
		BB8E0DF71E32383900505773 /* SortedArray.swift */ = {isa = PBXFileReference; fileEncoding = 4; lastKnownFileType = sourcecode.swift; path = SortedArray.swift; sourceTree = "<group>"; };
		BB8E0DFE1E32384500505773 /* Benchmark.swift */ = {isa = PBXFileReference; fileEncoding = 4; lastKnownFileType = sourcecode.swift; path = Benchmark.swift; sourceTree = "<group>"; };
		BB8E0E001E323F7700505773 /* Timestamp.swift */ = {isa = PBXFileReference; fileEncoding = 4; lastKnownFileType = sourcecode.swift; path = Timestamp.swift; sourceTree = "<group>"; };
		BB8E0E091E3262C600505773 /* ChartRendering.swift */ = {isa = PBXFileReference; fileEncoding = 4; lastKnownFileType = sourcecode.swift; path = ChartRendering.swift; sourceTree = "<group>"; };
		BB8E0E0B1E329E6F00505773 /* Runner.swift */ = {isa = PBXFileReference; fileEncoding = 4; lastKnownFileType = sourcecode.swift; path = Runner.swift; sourceTree = "<group>"; };
		BB8E0E0D1E32A35500505773 /* Results.swift */ = {isa = PBXFileReference; fileEncoding = 4; lastKnownFileType = sourcecode.swift; path = Results.swift; sourceTree = "<group>"; };
		BB8E0E0F1E33D43400505773 /* Cartfile */ = {isa = PBXFileReference; lastKnownFileType = text; path = Cartfile; sourceTree = "<group>"; };
		BB8E0E101E33D64000505773 /* BTree.framework */ = {isa = PBXFileReference; lastKnownFileType = wrapper.framework; name = BTree.framework; path = Carthage/Build/Mac/BTree.framework; sourceTree = "<group>"; };
		BB8E0E111E33D64000505773 /* GlueKit.framework */ = {isa = PBXFileReference; lastKnownFileType = wrapper.framework; name = GlueKit.framework; path = Carthage/Build/Mac/GlueKit.framework; sourceTree = "<group>"; };
		BB8E0E121E33D64000505773 /* SipHash.framework */ = {isa = PBXFileReference; lastKnownFileType = wrapper.framework; name = SipHash.framework; path = Carthage/Build/Mac/SipHash.framework; sourceTree = "<group>"; };
		BB8E0E1B1E33D69100505773 /* BTree.framework.dSYM */ = {isa = PBXFileReference; lastKnownFileType = wrapper.dsym; name = BTree.framework.dSYM; path = Carthage/Build/Mac/BTree.framework.dSYM; sourceTree = "<group>"; };
		BB8E0E1C1E33D69100505773 /* GlueKit.framework.dSYM */ = {isa = PBXFileReference; lastKnownFileType = wrapper.dsym; name = GlueKit.framework.dSYM; path = Carthage/Build/Mac/GlueKit.framework.dSYM; sourceTree = "<group>"; };
		BB8E0E1D1E33D69100505773 /* SipHash.framework.dSYM */ = {isa = PBXFileReference; lastKnownFileType = wrapper.dsym; name = SipHash.framework.dSYM; path = Carthage/Build/Mac/SipHash.framework.dSYM; sourceTree = "<group>"; };
		BB9CEB761E33F4E70007C8C9 /* DraggableImageView.swift */ = {isa = PBXFileReference; fileEncoding = 4; lastKnownFileType = sourcecode.swift; path = DraggableImageView.swift; sourceTree = "<group>"; };
/* End PBXFileReference section */

/* Begin PBXFrameworksBuildPhase section */
		BB83AAC11E3125CF00BFE22D /* Frameworks */ = {
			isa = PBXFrameworksBuildPhase;
			buildActionMask = 2147483647;
			files = (
				BB8E0E051E3253E500505773 /* CollectionBenchmarks.framework in Frameworks */,
				BB8E0DE61E3237D900505773 /* BenchmarkingTools.framework in Frameworks */,
				BB8E0E171E33D64000505773 /* SipHash.framework in Frameworks */,
				BB8E0E151E33D64000505773 /* GlueKit.framework in Frameworks */,
				BB8E0E131E33D64000505773 /* BTree.framework in Frameworks */,
			);
			runOnlyForDeploymentPostprocessing = 0;
		};
		BB8E0DB81E316CC700505773 /* Frameworks */ = {
			isa = PBXFrameworksBuildPhase;
			buildActionMask = 2147483647;
			files = (
				BB8E0E021E32418C00505773 /* BenchmarkingTools.framework in Frameworks */,
			);
			runOnlyForDeploymentPostprocessing = 0;
		};
		BB8E0DCD1E3237D900505773 /* Frameworks */ = {
			isa = PBXFrameworksBuildPhase;
			buildActionMask = 2147483647;
			files = (
				BB8E0E211E33D6B300505773 /* SipHash.framework in Frameworks */,
			);
			runOnlyForDeploymentPostprocessing = 0;
		};
		BB8E0DD61E3237D900505773 /* Frameworks */ = {
			isa = PBXFrameworksBuildPhase;
			buildActionMask = 2147483647;
			files = (
				BB8E0DDA1E3237D900505773 /* BenchmarkingTools.framework in Frameworks */,
			);
			runOnlyForDeploymentPostprocessing = 0;
		};
/* End PBXFrameworksBuildPhase section */

/* Begin PBXGroup section */
		BB1DA9C41E2E5923000F2B03 = {
			isa = PBXGroup;
			children = (
				BB8E0E0F1E33D43400505773 /* Cartfile */,
				BB8E0DBD1E316CC800505773 /* CollectionBenchmarks */,
				BB83AAC51E3125D000BFE22D /* Benchmark */,
				BB8E0DD21E3237D900505773 /* BenchmarkingTools */,
				BB8E0DDF1E3237D900505773 /* BenchmarkingToolsTests */,
				BB8E0E191E33D64A00505773 /* Dependencies */,
				BB1DA9CE1E2E5923000F2B03 /* Products */,
			);
			sourceTree = "<group>";
		};
		BB1DA9CE1E2E5923000F2B03 /* Products */ = {
			isa = PBXGroup;
			children = (
				BB1DA9CD1E2E5923000F2B03 /* dotSwift */,
				BB83AAC41E3125CF00BFE22D /* Benchmark.app */,
				BB8E0DBC1E316CC700505773 /* CollectionBenchmarks.framework */,
				BB8E0DD11E3237D900505773 /* BenchmarkingTools.framework */,
				BB8E0DD91E3237D900505773 /* BenchmarkingToolsTests.xctest */,
			);
			name = Products;
			sourceTree = "<group>";
		};
		BB83AAC51E3125D000BFE22D /* Benchmark */ = {
			isa = PBXGroup;
			children = (
				BB83AAC61E3125D000BFE22D /* AppDelegate.swift */,
				BB8E0E0B1E329E6F00505773 /* Runner.swift */,
				BB8E0E0D1E32A35500505773 /* Results.swift */,
				BB8E0E091E3262C600505773 /* ChartRendering.swift */,
				BB9CEB761E33F4E70007C8C9 /* DraggableImageView.swift */,
				BB35FF981E359756003ABBF3 /* StatusButtonInTitlebar.swift */,
				BB35FF9A1E363B90003ABBF3 /* ColoredView.swift */,
				BB83AAC81E3125D000BFE22D /* Assets.xcassets */,
				BB83AACA1E3125D000BFE22D /* MainMenu.xib */,
				BB83AACD1E3125D000BFE22D /* Info.plist */,
			);
			path = Benchmark;
			sourceTree = "<group>";
		};
		BB8E0DBD1E316CC800505773 /* CollectionBenchmarks */ = {
			isa = PBXGroup;
			children = (
				BB8E0DBF1E316CC800505773 /* Info.plist */,
				BB8E0DF21E32383900505773 /* Benchmarks.swift */,
				BB8E0DF71E32383900505773 /* SortedArray.swift */,
				BB35FF961E344D03003ABBF3 /* AlgebraicTree.swift */,
				BB8E0DF31E32383900505773 /* BinaryTree.swift */,
				BB8E0DF51E32383900505773 /* COWTree.swift */,
				BB8E0DF41E32383900505773 /* BTree.swift */,
				BB8E0DF61E32383900505773 /* Shuffle.swift */,
			);
			path = CollectionBenchmarks;
			sourceTree = "<group>";
		};
		BB8E0DD21E3237D900505773 /* BenchmarkingTools */ = {
			isa = PBXGroup;
			children = (
				BB8E0DFE1E32384500505773 /* Benchmark.swift */,
				BB8E0E001E323F7700505773 /* Timestamp.swift */,
				BB8E0DD41E3237D900505773 /* Info.plist */,
			);
			path = BenchmarkingTools;
			sourceTree = "<group>";
		};
		BB8E0DDF1E3237D900505773 /* BenchmarkingToolsTests */ = {
			isa = PBXGroup;
			children = (
				BB8E0DE01E3237D900505773 /* BenchmarkingToolsTests.swift */,
				BB8E0DE21E3237D900505773 /* Info.plist */,
			);
			path = BenchmarkingToolsTests;
			sourceTree = "<group>";
		};
		BB8E0E191E33D64A00505773 /* Dependencies */ = {
			isa = PBXGroup;
			children = (
				BB8E0E1B1E33D69100505773 /* BTree.framework.dSYM */,
				BB8E0E1C1E33D69100505773 /* GlueKit.framework.dSYM */,
				BB8E0E1D1E33D69100505773 /* SipHash.framework.dSYM */,
				BB8E0E101E33D64000505773 /* BTree.framework */,
				BB8E0E111E33D64000505773 /* GlueKit.framework */,
				BB8E0E121E33D64000505773 /* SipHash.framework */,
			);
			name = Dependencies;
			sourceTree = "<group>";
		};
/* End PBXGroup section */

/* Begin PBXHeadersBuildPhase section */
		BB8E0DB91E316CC700505773 /* Headers */ = {
			isa = PBXHeadersBuildPhase;
			buildActionMask = 2147483647;
			files = (
			);
			runOnlyForDeploymentPostprocessing = 0;
		};
		BB8E0DCE1E3237D900505773 /* Headers */ = {
			isa = PBXHeadersBuildPhase;
			buildActionMask = 2147483647;
			files = (
			);
			runOnlyForDeploymentPostprocessing = 0;
		};
/* End PBXHeadersBuildPhase section */

/* Begin PBXNativeTarget section */
		BB83AAC31E3125CF00BFE22D /* Benchmark */ = {
			isa = PBXNativeTarget;
			buildConfigurationList = BB83AAD21E3125D000BFE22D /* Build configuration list for PBXNativeTarget "Benchmark" */;
			buildPhases = (
				BB83AAC01E3125CF00BFE22D /* Sources */,
				BB83AAC11E3125CF00BFE22D /* Frameworks */,
				BB83AAC21E3125CF00BFE22D /* Resources */,
				BB8E0DCA1E316CC800505773 /* Embed Frameworks */,
				BB8E0E1A1E33D66700505773 /* Copy dSYMs for Dependencies */,
			);
			buildRules = (
			);
			dependencies = (
				BB8E0DE51E3237D900505773 /* PBXTargetDependency */,
				BB8E0E081E3253E500505773 /* PBXTargetDependency */,
			);
			name = Benchmark;
			productName = Benchmark;
			productReference = BB83AAC41E3125CF00BFE22D /* Benchmark.app */;
			productType = "com.apple.product-type.application";
		};
		BB8E0DBB1E316CC700505773 /* CollectionBenchmarks */ = {
			isa = PBXNativeTarget;
			buildConfigurationList = BB8E0DC51E316CC800505773 /* Build configuration list for PBXNativeTarget "CollectionBenchmarks" */;
			buildPhases = (
				BB8E0DB71E316CC700505773 /* Sources */,
				BB8E0DB81E316CC700505773 /* Frameworks */,
				BB8E0DB91E316CC700505773 /* Headers */,
				BB8E0DBA1E316CC700505773 /* Resources */,
			);
			buildRules = (
			);
			dependencies = (
			);
			name = CollectionBenchmarks;
			productName = CollectionBenchmarks;
			productReference = BB8E0DBC1E316CC700505773 /* CollectionBenchmarks.framework */;
			productType = "com.apple.product-type.framework";
		};
		BB8E0DD01E3237D900505773 /* BenchmarkingTools */ = {
			isa = PBXNativeTarget;
			buildConfigurationList = BB8E0DE81E3237D900505773 /* Build configuration list for PBXNativeTarget "BenchmarkingTools" */;
			buildPhases = (
				BB8E0DCC1E3237D900505773 /* Sources */,
				BB8E0DCD1E3237D900505773 /* Frameworks */,
				BB8E0DCE1E3237D900505773 /* Headers */,
				BB8E0DCF1E3237D900505773 /* Resources */,
			);
			buildRules = (
			);
			dependencies = (
			);
			name = BenchmarkingTools;
			productName = BenchmarkingTools;
			productReference = BB8E0DD11E3237D900505773 /* BenchmarkingTools.framework */;
			productType = "com.apple.product-type.framework";
		};
		BB8E0DD81E3237D900505773 /* BenchmarkingToolsTests */ = {
			isa = PBXNativeTarget;
			buildConfigurationList = BB8E0DED1E3237D900505773 /* Build configuration list for PBXNativeTarget "BenchmarkingToolsTests" */;
			buildPhases = (
				BB8E0DD51E3237D900505773 /* Sources */,
				BB8E0DD61E3237D900505773 /* Frameworks */,
				BB8E0DD71E3237D900505773 /* Resources */,
			);
			buildRules = (
			);
			dependencies = (
				BB8E0DDC1E3237D900505773 /* PBXTargetDependency */,
				BB8E0DDE1E3237D900505773 /* PBXTargetDependency */,
			);
			name = BenchmarkingToolsTests;
			productName = BenchmarkingToolsTests;
			productReference = BB8E0DD91E3237D900505773 /* BenchmarkingToolsTests.xctest */;
			productType = "com.apple.product-type.bundle.unit-test";
		};
/* End PBXNativeTarget section */

/* Begin PBXProject section */
		BB1DA9C51E2E5923000F2B03 /* Project object */ = {
			isa = PBXProject;
			attributes = {
				LastSwiftUpdateCheck = 0820;
				LastUpgradeCheck = 0820;
				ORGANIZATIONNAME = "Károly Lőrentey";
				TargetAttributes = {
					BB1DA9CC1E2E5923000F2B03 = {
						CreatedOnToolsVersion = 8.2.1;
						ProvisioningStyle = Automatic;
					};
					BB83AAC31E3125CF00BFE22D = {
						CreatedOnToolsVersion = 8.2.1;
						ProvisioningStyle = Automatic;
					};
					BB8E0DBB1E316CC700505773 = {
						CreatedOnToolsVersion = 8.2.1;
						LastSwiftMigration = 0820;
						ProvisioningStyle = Automatic;
					};
					BB8E0DD01E3237D900505773 = {
						CreatedOnToolsVersion = 8.2.1;
						LastSwiftMigration = 0820;
						ProvisioningStyle = Automatic;
					};
					BB8E0DD81E3237D900505773 = {
						CreatedOnToolsVersion = 8.2.1;
						ProvisioningStyle = Automatic;
						TestTargetID = BB83AAC31E3125CF00BFE22D;
					};
				};
			};
			buildConfigurationList = BB1DA9C81E2E5923000F2B03 /* Build configuration list for PBXProject "dotSwift" */;
			compatibilityVersion = "Xcode 3.2";
			developmentRegion = English;
			hasScannedForEncodings = 0;
			knownRegions = (
				en,
				Base,
			);
			mainGroup = BB1DA9C41E2E5923000F2B03;
			productRefGroup = BB1DA9CE1E2E5923000F2B03 /* Products */;
			projectDirPath = "";
			projectRoot = "";
			targets = (
				BB83AAC31E3125CF00BFE22D /* Benchmark */,
				BB8E0DBB1E316CC700505773 /* CollectionBenchmarks */,
				BB8E0DD01E3237D900505773 /* BenchmarkingTools */,
				BB8E0DD81E3237D900505773 /* BenchmarkingToolsTests */,
			);
		};
/* End PBXProject section */

/* Begin PBXResourcesBuildPhase section */
		BB83AAC21E3125CF00BFE22D /* Resources */ = {
			isa = PBXResourcesBuildPhase;
			buildActionMask = 2147483647;
			files = (
				BB83AAC91E3125D000BFE22D /* Assets.xcassets in Resources */,
				BB83AACC1E3125D000BFE22D /* MainMenu.xib in Resources */,
			);
			runOnlyForDeploymentPostprocessing = 0;
		};
		BB8E0DBA1E316CC700505773 /* Resources */ = {
			isa = PBXResourcesBuildPhase;
			buildActionMask = 2147483647;
			files = (
			);
			runOnlyForDeploymentPostprocessing = 0;
		};
		BB8E0DCF1E3237D900505773 /* Resources */ = {
			isa = PBXResourcesBuildPhase;
			buildActionMask = 2147483647;
			files = (
			);
			runOnlyForDeploymentPostprocessing = 0;
		};
		BB8E0DD71E3237D900505773 /* Resources */ = {
			isa = PBXResourcesBuildPhase;
			buildActionMask = 2147483647;
			files = (
			);
			runOnlyForDeploymentPostprocessing = 0;
		};
/* End PBXResourcesBuildPhase section */

/* Begin PBXSourcesBuildPhase section */
		BB83AAC01E3125CF00BFE22D /* Sources */ = {
			isa = PBXSourcesBuildPhase;
			buildActionMask = 2147483647;
			files = (
				BB83AAC71E3125D000BFE22D /* AppDelegate.swift in Sources */,
				BB35FF991E359756003ABBF3 /* StatusButtonInTitlebar.swift in Sources */,
				BB9CEB771E33F4E70007C8C9 /* DraggableImageView.swift in Sources */,
				BB35FF9B1E363B90003ABBF3 /* ColoredView.swift in Sources */,
				BB8E0E0C1E329E6F00505773 /* Runner.swift in Sources */,
				BB8E0E0A1E3262C600505773 /* ChartRendering.swift in Sources */,
				BB8E0E0E1E32A35500505773 /* Results.swift in Sources */,
			);
			runOnlyForDeploymentPostprocessing = 0;
		};
		BB8E0DB71E316CC700505773 /* Sources */ = {
			isa = PBXSourcesBuildPhase;
			buildActionMask = 2147483647;
			files = (
				BB35FF971E344D03003ABBF3 /* AlgebraicTree.swift in Sources */,
				BB8E0DFC1E32383900505773 /* Shuffle.swift in Sources */,
				BB8E0DF91E32383900505773 /* BinaryTree.swift in Sources */,
				BB8E0DFB1E32383900505773 /* COWTree.swift in Sources */,
				BB8E0DF81E32383900505773 /* Benchmarks.swift in Sources */,
				BB8E0DFD1E32383900505773 /* SortedArray.swift in Sources */,
				BB8E0DFA1E32383900505773 /* BTree.swift in Sources */,
			);
			runOnlyForDeploymentPostprocessing = 0;
		};
		BB8E0DCC1E3237D900505773 /* Sources */ = {
			isa = PBXSourcesBuildPhase;
			buildActionMask = 2147483647;
			files = (
				BB8E0E011E323F7700505773 /* Timestamp.swift in Sources */,
				BB8E0DFF1E32384500505773 /* Benchmark.swift in Sources */,
			);
			runOnlyForDeploymentPostprocessing = 0;
		};
		BB8E0DD51E3237D900505773 /* Sources */ = {
			isa = PBXSourcesBuildPhase;
			buildActionMask = 2147483647;
			files = (
				BB8E0DE11E3237D900505773 /* BenchmarkingToolsTests.swift in Sources */,
			);
			runOnlyForDeploymentPostprocessing = 0;
		};
/* End PBXSourcesBuildPhase section */

/* Begin PBXTargetDependency section */
		BB8E0DDC1E3237D900505773 /* PBXTargetDependency */ = {
			isa = PBXTargetDependency;
			target = BB8E0DD01E3237D900505773 /* BenchmarkingTools */;
			targetProxy = BB8E0DDB1E3237D900505773 /* PBXContainerItemProxy */;
		};
		BB8E0DDE1E3237D900505773 /* PBXTargetDependency */ = {
			isa = PBXTargetDependency;
			target = BB83AAC31E3125CF00BFE22D /* Benchmark */;
			targetProxy = BB8E0DDD1E3237D900505773 /* PBXContainerItemProxy */;
		};
		BB8E0DE51E3237D900505773 /* PBXTargetDependency */ = {
			isa = PBXTargetDependency;
			target = BB8E0DD01E3237D900505773 /* BenchmarkingTools */;
			targetProxy = BB8E0DE41E3237D900505773 /* PBXContainerItemProxy */;
		};
		BB8E0E081E3253E500505773 /* PBXTargetDependency */ = {
			isa = PBXTargetDependency;
			target = BB8E0DBB1E316CC700505773 /* CollectionBenchmarks */;
			targetProxy = BB8E0E071E3253E500505773 /* PBXContainerItemProxy */;
		};
/* End PBXTargetDependency section */

/* Begin PBXVariantGroup section */
		BB83AACA1E3125D000BFE22D /* MainMenu.xib */ = {
			isa = PBXVariantGroup;
			children = (
				BB83AACB1E3125D000BFE22D /* Base */,
			);
			name = MainMenu.xib;
			sourceTree = "<group>";
		};
/* End PBXVariantGroup section */

/* Begin XCBuildConfiguration section */
		BB144F231E3054B400C8A6E7 /* WholeModule */ = {
			isa = XCBuildConfiguration;
			buildSettings = {
				ALWAYS_SEARCH_USER_PATHS = NO;
				CLANG_ANALYZER_NONNULL = YES;
				CLANG_CXX_LANGUAGE_STANDARD = "gnu++0x";
				CLANG_CXX_LIBRARY = "libc++";
				CLANG_ENABLE_MODULES = YES;
				CLANG_ENABLE_OBJC_ARC = YES;
				CLANG_WARN_BOOL_CONVERSION = YES;
				CLANG_WARN_CONSTANT_CONVERSION = YES;
				CLANG_WARN_DIRECT_OBJC_ISA_USAGE = YES_ERROR;
				CLANG_WARN_DOCUMENTATION_COMMENTS = YES;
				CLANG_WARN_EMPTY_BODY = YES;
				CLANG_WARN_ENUM_CONVERSION = YES;
				CLANG_WARN_INFINITE_RECURSION = YES;
				CLANG_WARN_INT_CONVERSION = YES;
				CLANG_WARN_OBJC_ROOT_CLASS = YES_ERROR;
				CLANG_WARN_SUSPICIOUS_MOVE = YES;
				CLANG_WARN_UNREACHABLE_CODE = YES;
				CLANG_WARN__DUPLICATE_METHOD_MATCH = YES;
				CODE_SIGN_IDENTITY = "-";
				COPY_PHASE_STRIP = NO;
				DEBUG_INFORMATION_FORMAT = "dwarf-with-dsym";
				ENABLE_NS_ASSERTIONS = NO;
				ENABLE_STRICT_OBJC_MSGSEND = YES;
				GCC_C_LANGUAGE_STANDARD = gnu99;
				GCC_NO_COMMON_BLOCKS = YES;
				GCC_WARN_64_TO_32_BIT_CONVERSION = YES;
				GCC_WARN_ABOUT_RETURN_TYPE = YES_ERROR;
				GCC_WARN_UNDECLARED_SELECTOR = YES;
				GCC_WARN_UNINITIALIZED_AUTOS = YES_AGGRESSIVE;
				GCC_WARN_UNUSED_FUNCTION = YES;
				GCC_WARN_UNUSED_VARIABLE = YES;
				MACOSX_DEPLOYMENT_TARGET = 10.12;
				MTL_ENABLE_DEBUG_INFO = NO;
				SDKROOT = macosx;
				SWIFT_OPTIMIZATION_LEVEL = "-Owholemodule";
				SWIFT_VERSION = 3.0;
			};
			name = WholeModule;
		};
		BB144F251E3054D100C8A6E7 /* Unchecked */ = {
			isa = XCBuildConfiguration;
			buildSettings = {
				ALWAYS_SEARCH_USER_PATHS = NO;
				CLANG_ANALYZER_NONNULL = YES;
				CLANG_CXX_LANGUAGE_STANDARD = "gnu++0x";
				CLANG_CXX_LIBRARY = "libc++";
				CLANG_ENABLE_MODULES = YES;
				CLANG_ENABLE_OBJC_ARC = YES;
				CLANG_WARN_BOOL_CONVERSION = YES;
				CLANG_WARN_CONSTANT_CONVERSION = YES;
				CLANG_WARN_DIRECT_OBJC_ISA_USAGE = YES_ERROR;
				CLANG_WARN_DOCUMENTATION_COMMENTS = YES;
				CLANG_WARN_EMPTY_BODY = YES;
				CLANG_WARN_ENUM_CONVERSION = YES;
				CLANG_WARN_INFINITE_RECURSION = YES;
				CLANG_WARN_INT_CONVERSION = YES;
				CLANG_WARN_OBJC_ROOT_CLASS = YES_ERROR;
				CLANG_WARN_SUSPICIOUS_MOVE = YES;
				CLANG_WARN_UNREACHABLE_CODE = YES;
				CLANG_WARN__DUPLICATE_METHOD_MATCH = YES;
				CODE_SIGN_IDENTITY = "-";
				COPY_PHASE_STRIP = NO;
				DEBUG_INFORMATION_FORMAT = "dwarf-with-dsym";
				ENABLE_NS_ASSERTIONS = NO;
				ENABLE_STRICT_OBJC_MSGSEND = YES;
				GCC_C_LANGUAGE_STANDARD = gnu99;
				GCC_NO_COMMON_BLOCKS = YES;
				GCC_WARN_64_TO_32_BIT_CONVERSION = YES;
				GCC_WARN_ABOUT_RETURN_TYPE = YES_ERROR;
				GCC_WARN_UNDECLARED_SELECTOR = YES;
				GCC_WARN_UNINITIALIZED_AUTOS = YES_AGGRESSIVE;
				GCC_WARN_UNUSED_FUNCTION = YES;
				GCC_WARN_UNUSED_VARIABLE = YES;
				MACOSX_DEPLOYMENT_TARGET = 10.12;
				MTL_ENABLE_DEBUG_INFO = NO;
				SDKROOT = macosx;
				SWIFT_DISABLE_SAFETY_CHECKS = YES;
				SWIFT_OPTIMIZATION_LEVEL = "-Owholemodule";
				SWIFT_VERSION = 3.0;
			};
			name = Unchecked;
		};
		BB1DA9D21E2E5923000F2B03 /* Debug */ = {
			isa = XCBuildConfiguration;
			buildSettings = {
				ALWAYS_SEARCH_USER_PATHS = NO;
				CLANG_ANALYZER_NONNULL = YES;
				CLANG_CXX_LANGUAGE_STANDARD = "gnu++0x";
				CLANG_CXX_LIBRARY = "libc++";
				CLANG_ENABLE_MODULES = YES;
				CLANG_ENABLE_OBJC_ARC = YES;
				CLANG_WARN_BOOL_CONVERSION = YES;
				CLANG_WARN_CONSTANT_CONVERSION = YES;
				CLANG_WARN_DIRECT_OBJC_ISA_USAGE = YES_ERROR;
				CLANG_WARN_DOCUMENTATION_COMMENTS = YES;
				CLANG_WARN_EMPTY_BODY = YES;
				CLANG_WARN_ENUM_CONVERSION = YES;
				CLANG_WARN_INFINITE_RECURSION = YES;
				CLANG_WARN_INT_CONVERSION = YES;
				CLANG_WARN_OBJC_ROOT_CLASS = YES_ERROR;
				CLANG_WARN_SUSPICIOUS_MOVE = YES;
				CLANG_WARN_UNREACHABLE_CODE = YES;
				CLANG_WARN__DUPLICATE_METHOD_MATCH = YES;
				CODE_SIGN_IDENTITY = "-";
				COPY_PHASE_STRIP = NO;
				DEBUG_INFORMATION_FORMAT = dwarf;
				ENABLE_STRICT_OBJC_MSGSEND = YES;
				ENABLE_TESTABILITY = YES;
				GCC_C_LANGUAGE_STANDARD = gnu99;
				GCC_DYNAMIC_NO_PIC = NO;
				GCC_NO_COMMON_BLOCKS = YES;
				GCC_OPTIMIZATION_LEVEL = 0;
				GCC_PREPROCESSOR_DEFINITIONS = (
					"DEBUG=1",
					"$(inherited)",
				);
				GCC_WARN_64_TO_32_BIT_CONVERSION = YES;
				GCC_WARN_ABOUT_RETURN_TYPE = YES_ERROR;
				GCC_WARN_UNDECLARED_SELECTOR = YES;
				GCC_WARN_UNINITIALIZED_AUTOS = YES_AGGRESSIVE;
				GCC_WARN_UNUSED_FUNCTION = YES;
				GCC_WARN_UNUSED_VARIABLE = YES;
				MACOSX_DEPLOYMENT_TARGET = 10.12;
				MTL_ENABLE_DEBUG_INFO = YES;
				ONLY_ACTIVE_ARCH = YES;
				SDKROOT = macosx;
				SWIFT_OPTIMIZATION_LEVEL = "-Onone";
				SWIFT_VERSION = 3.0;
			};
			name = Debug;
		};
		BB1DA9D31E2E5923000F2B03 /* Optimized */ = {
			isa = XCBuildConfiguration;
			buildSettings = {
				ALWAYS_SEARCH_USER_PATHS = NO;
				CLANG_ANALYZER_NONNULL = YES;
				CLANG_CXX_LANGUAGE_STANDARD = "gnu++0x";
				CLANG_CXX_LIBRARY = "libc++";
				CLANG_ENABLE_MODULES = YES;
				CLANG_ENABLE_OBJC_ARC = YES;
				CLANG_WARN_BOOL_CONVERSION = YES;
				CLANG_WARN_CONSTANT_CONVERSION = YES;
				CLANG_WARN_DIRECT_OBJC_ISA_USAGE = YES_ERROR;
				CLANG_WARN_DOCUMENTATION_COMMENTS = YES;
				CLANG_WARN_EMPTY_BODY = YES;
				CLANG_WARN_ENUM_CONVERSION = YES;
				CLANG_WARN_INFINITE_RECURSION = YES;
				CLANG_WARN_INT_CONVERSION = YES;
				CLANG_WARN_OBJC_ROOT_CLASS = YES_ERROR;
				CLANG_WARN_SUSPICIOUS_MOVE = YES;
				CLANG_WARN_UNREACHABLE_CODE = YES;
				CLANG_WARN__DUPLICATE_METHOD_MATCH = YES;
				CODE_SIGN_IDENTITY = "-";
				COPY_PHASE_STRIP = NO;
				DEBUG_INFORMATION_FORMAT = "dwarf-with-dsym";
				ENABLE_NS_ASSERTIONS = NO;
				ENABLE_STRICT_OBJC_MSGSEND = YES;
				GCC_C_LANGUAGE_STANDARD = gnu99;
				GCC_NO_COMMON_BLOCKS = YES;
				GCC_WARN_64_TO_32_BIT_CONVERSION = YES;
				GCC_WARN_ABOUT_RETURN_TYPE = YES_ERROR;
				GCC_WARN_UNDECLARED_SELECTOR = YES;
				GCC_WARN_UNINITIALIZED_AUTOS = YES_AGGRESSIVE;
				GCC_WARN_UNUSED_FUNCTION = YES;
				GCC_WARN_UNUSED_VARIABLE = YES;
				MACOSX_DEPLOYMENT_TARGET = 10.12;
				MTL_ENABLE_DEBUG_INFO = NO;
				SDKROOT = macosx;
				SWIFT_OPTIMIZATION_LEVEL = "-O";
				SWIFT_VERSION = 3.0;
			};
			name = Optimized;
		};
		BB83AACE1E3125D000BFE22D /* Debug */ = {
			isa = XCBuildConfiguration;
			buildSettings = {
				ALWAYS_EMBED_SWIFT_STANDARD_LIBRARIES = YES;
				ASSETCATALOG_COMPILER_APPICON_NAME = AppIcon;
				COMBINE_HIDPI_IMAGES = YES;
				FRAMEWORK_SEARCH_PATHS = (
					"$(inherited)",
					"$(PROJECT_DIR)/Carthage/Build/Mac",
				);
				INFOPLIST_FILE = Benchmark/Info.plist;
				LD_RUNPATH_SEARCH_PATHS = "$(inherited) @executable_path/../Frameworks";
				PRODUCT_BUNDLE_IDENTIFIER = hu.lorentey.Benchmark;
				PRODUCT_NAME = "$(TARGET_NAME)";
				SWIFT_ACTIVE_COMPILATION_CONDITIONS = DEBUG;
				SWIFT_VERSION = 3.0;
			};
			name = Debug;
		};
		BB83AACF1E3125D000BFE22D /* Optimized */ = {
			isa = XCBuildConfiguration;
			buildSettings = {
				ALWAYS_EMBED_SWIFT_STANDARD_LIBRARIES = YES;
				ALWAYS_SEARCH_USER_PATHS = NO;
				ASSETCATALOG_COMPILER_APPICON_NAME = AppIcon;
				CLANG_ANALYZER_NONNULL = YES;
				CLANG_CXX_LANGUAGE_STANDARD = "gnu++0x";
				CLANG_CXX_LIBRARY = "libc++";
				CLANG_ENABLE_MODULES = YES;
				CLANG_ENABLE_OBJC_ARC = YES;
				CLANG_WARN_BOOL_CONVERSION = YES;
				CLANG_WARN_CONSTANT_CONVERSION = YES;
				CLANG_WARN_DIRECT_OBJC_ISA_USAGE = YES_ERROR;
				CLANG_WARN_DOCUMENTATION_COMMENTS = YES;
				CLANG_WARN_EMPTY_BODY = YES;
				CLANG_WARN_ENUM_CONVERSION = YES;
				CLANG_WARN_INFINITE_RECURSION = YES;
				CLANG_WARN_INT_CONVERSION = YES;
				CLANG_WARN_OBJC_ROOT_CLASS = YES_ERROR;
				CLANG_WARN_SUSPICIOUS_MOVE = YES;
				CLANG_WARN_UNREACHABLE_CODE = YES;
				CLANG_WARN__DUPLICATE_METHOD_MATCH = YES;
				CODE_SIGN_IDENTITY = "-";
				COMBINE_HIDPI_IMAGES = YES;
				COPY_PHASE_STRIP = NO;
				DEBUG_INFORMATION_FORMAT = "dwarf-with-dsym";
				ENABLE_NS_ASSERTIONS = NO;
				ENABLE_STRICT_OBJC_MSGSEND = YES;
				FRAMEWORK_SEARCH_PATHS = (
					"$(inherited)",
					"$(PROJECT_DIR)/Carthage/Build/Mac",
				);
				GCC_C_LANGUAGE_STANDARD = gnu99;
				GCC_NO_COMMON_BLOCKS = YES;
				GCC_WARN_64_TO_32_BIT_CONVERSION = YES;
				GCC_WARN_ABOUT_RETURN_TYPE = YES_ERROR;
				GCC_WARN_UNDECLARED_SELECTOR = YES;
				GCC_WARN_UNINITIALIZED_AUTOS = YES_AGGRESSIVE;
				GCC_WARN_UNUSED_FUNCTION = YES;
				GCC_WARN_UNUSED_VARIABLE = YES;
				INFOPLIST_FILE = Benchmark/Info.plist;
				LD_RUNPATH_SEARCH_PATHS = "$(inherited) @executable_path/../Frameworks";
				MACOSX_DEPLOYMENT_TARGET = 10.12;
				MTL_ENABLE_DEBUG_INFO = NO;
				PRODUCT_BUNDLE_IDENTIFIER = hu.lorentey.Benchmark;
				PRODUCT_NAME = "$(TARGET_NAME)";
				SDKROOT = macosx;
				SWIFT_OPTIMIZATION_LEVEL = "-Owholemodule";
				SWIFT_VERSION = 3.0;
			};
			name = Optimized;
		};
		BB83AAD01E3125D000BFE22D /* WholeModule */ = {
			isa = XCBuildConfiguration;
			buildSettings = {
				ALWAYS_EMBED_SWIFT_STANDARD_LIBRARIES = YES;
				ALWAYS_SEARCH_USER_PATHS = NO;
				ASSETCATALOG_COMPILER_APPICON_NAME = AppIcon;
				CLANG_ANALYZER_NONNULL = YES;
				CLANG_CXX_LANGUAGE_STANDARD = "gnu++0x";
				CLANG_CXX_LIBRARY = "libc++";
				CLANG_ENABLE_MODULES = YES;
				CLANG_ENABLE_OBJC_ARC = YES;
				CLANG_WARN_BOOL_CONVERSION = YES;
				CLANG_WARN_CONSTANT_CONVERSION = YES;
				CLANG_WARN_DIRECT_OBJC_ISA_USAGE = YES_ERROR;
				CLANG_WARN_DOCUMENTATION_COMMENTS = YES;
				CLANG_WARN_EMPTY_BODY = YES;
				CLANG_WARN_ENUM_CONVERSION = YES;
				CLANG_WARN_INFINITE_RECURSION = YES;
				CLANG_WARN_INT_CONVERSION = YES;
				CLANG_WARN_OBJC_ROOT_CLASS = YES_ERROR;
				CLANG_WARN_SUSPICIOUS_MOVE = YES;
				CLANG_WARN_UNREACHABLE_CODE = YES;
				CLANG_WARN__DUPLICATE_METHOD_MATCH = YES;
				CODE_SIGN_IDENTITY = "-";
				COMBINE_HIDPI_IMAGES = YES;
				COPY_PHASE_STRIP = NO;
				DEBUG_INFORMATION_FORMAT = "dwarf-with-dsym";
				ENABLE_NS_ASSERTIONS = NO;
				ENABLE_STRICT_OBJC_MSGSEND = YES;
				FRAMEWORK_SEARCH_PATHS = (
					"$(inherited)",
					"$(PROJECT_DIR)/Carthage/Build/Mac",
				);
				GCC_C_LANGUAGE_STANDARD = gnu99;
				GCC_NO_COMMON_BLOCKS = YES;
				GCC_WARN_64_TO_32_BIT_CONVERSION = YES;
				GCC_WARN_ABOUT_RETURN_TYPE = YES_ERROR;
				GCC_WARN_UNDECLARED_SELECTOR = YES;
				GCC_WARN_UNINITIALIZED_AUTOS = YES_AGGRESSIVE;
				GCC_WARN_UNUSED_FUNCTION = YES;
				GCC_WARN_UNUSED_VARIABLE = YES;
				INFOPLIST_FILE = Benchmark/Info.plist;
				LD_RUNPATH_SEARCH_PATHS = "$(inherited) @executable_path/../Frameworks";
				MACOSX_DEPLOYMENT_TARGET = 10.12;
				MTL_ENABLE_DEBUG_INFO = NO;
				PRODUCT_BUNDLE_IDENTIFIER = hu.lorentey.Benchmark;
				PRODUCT_NAME = "$(TARGET_NAME)";
				SDKROOT = macosx;
				SWIFT_OPTIMIZATION_LEVEL = "-Owholemodule";
				SWIFT_VERSION = 3.0;
			};
			name = WholeModule;
		};
		BB83AAD11E3125D000BFE22D /* Unchecked */ = {
			isa = XCBuildConfiguration;
			buildSettings = {
				ALWAYS_EMBED_SWIFT_STANDARD_LIBRARIES = YES;
				ALWAYS_SEARCH_USER_PATHS = NO;
				ASSETCATALOG_COMPILER_APPICON_NAME = AppIcon;
				CLANG_ANALYZER_NONNULL = YES;
				CLANG_CXX_LANGUAGE_STANDARD = "gnu++0x";
				CLANG_CXX_LIBRARY = "libc++";
				CLANG_ENABLE_MODULES = YES;
				CLANG_ENABLE_OBJC_ARC = YES;
				CLANG_WARN_BOOL_CONVERSION = YES;
				CLANG_WARN_CONSTANT_CONVERSION = YES;
				CLANG_WARN_DIRECT_OBJC_ISA_USAGE = YES_ERROR;
				CLANG_WARN_DOCUMENTATION_COMMENTS = YES;
				CLANG_WARN_EMPTY_BODY = YES;
				CLANG_WARN_ENUM_CONVERSION = YES;
				CLANG_WARN_INFINITE_RECURSION = YES;
				CLANG_WARN_INT_CONVERSION = YES;
				CLANG_WARN_OBJC_ROOT_CLASS = YES_ERROR;
				CLANG_WARN_SUSPICIOUS_MOVE = YES;
				CLANG_WARN_UNREACHABLE_CODE = YES;
				CLANG_WARN__DUPLICATE_METHOD_MATCH = YES;
				CODE_SIGN_IDENTITY = "-";
				COMBINE_HIDPI_IMAGES = YES;
				COPY_PHASE_STRIP = NO;
				DEBUG_INFORMATION_FORMAT = "dwarf-with-dsym";
				ENABLE_NS_ASSERTIONS = NO;
				ENABLE_STRICT_OBJC_MSGSEND = YES;
				FRAMEWORK_SEARCH_PATHS = (
					"$(inherited)",
					"$(PROJECT_DIR)/Carthage/Build/Mac",
				);
				GCC_C_LANGUAGE_STANDARD = gnu99;
				GCC_NO_COMMON_BLOCKS = YES;
				GCC_WARN_64_TO_32_BIT_CONVERSION = YES;
				GCC_WARN_ABOUT_RETURN_TYPE = YES_ERROR;
				GCC_WARN_UNDECLARED_SELECTOR = YES;
				GCC_WARN_UNINITIALIZED_AUTOS = YES_AGGRESSIVE;
				GCC_WARN_UNUSED_FUNCTION = YES;
				GCC_WARN_UNUSED_VARIABLE = YES;
				INFOPLIST_FILE = Benchmark/Info.plist;
				LD_RUNPATH_SEARCH_PATHS = "$(inherited) @executable_path/../Frameworks";
				MACOSX_DEPLOYMENT_TARGET = 10.12;
				MTL_ENABLE_DEBUG_INFO = NO;
				PRODUCT_BUNDLE_IDENTIFIER = hu.lorentey.Benchmark;
				PRODUCT_NAME = "$(TARGET_NAME)";
				SDKROOT = macosx;
				SWIFT_OPTIMIZATION_LEVEL = "-Owholemodule";
				SWIFT_VERSION = 3.0;
			};
			name = Unchecked;
		};
		BB8E0DC61E316CC800505773 /* Debug */ = {
			isa = XCBuildConfiguration;
			buildSettings = {
				CLANG_ENABLE_MODULES = YES;
				CODE_SIGN_IDENTITY = "";
				COMBINE_HIDPI_IMAGES = YES;
				CURRENT_PROJECT_VERSION = 1;
				DEFINES_MODULE = YES;
				DYLIB_COMPATIBILITY_VERSION = 1;
				DYLIB_CURRENT_VERSION = 1;
				DYLIB_INSTALL_NAME_BASE = "@rpath";
				FRAMEWORK_VERSION = A;
				INFOPLIST_FILE = CollectionBenchmarks/Info.plist;
				INSTALL_PATH = "$(LOCAL_LIBRARY_DIR)/Frameworks";
				LD_RUNPATH_SEARCH_PATHS = "$(inherited) @executable_path/../Frameworks @loader_path/Frameworks";
				PRODUCT_BUNDLE_IDENTIFIER = hu.lorentey.CollectionBenchmarks;
				PRODUCT_NAME = "$(TARGET_NAME)";
				SKIP_INSTALL = YES;
				SWIFT_ACTIVE_COMPILATION_CONDITIONS = DEBUG;
				SWIFT_OPTIMIZATION_LEVEL = "-Onone";
				SWIFT_VERSION = 3.0;
				VERSIONING_SYSTEM = "apple-generic";
				VERSION_INFO_PREFIX = "";
			};
			name = Debug;
		};
		BB8E0DC71E316CC800505773 /* Optimized */ = {
			isa = XCBuildConfiguration;
			buildSettings = {
				ALWAYS_SEARCH_USER_PATHS = NO;
				CLANG_ANALYZER_NONNULL = YES;
				CLANG_CXX_LANGUAGE_STANDARD = "gnu++0x";
				CLANG_CXX_LIBRARY = "libc++";
				CLANG_ENABLE_MODULES = YES;
				CLANG_ENABLE_OBJC_ARC = YES;
				CLANG_WARN_BOOL_CONVERSION = YES;
				CLANG_WARN_CONSTANT_CONVERSION = YES;
				CLANG_WARN_DIRECT_OBJC_ISA_USAGE = YES_ERROR;
				CLANG_WARN_DOCUMENTATION_COMMENTS = YES;
				CLANG_WARN_EMPTY_BODY = YES;
				CLANG_WARN_ENUM_CONVERSION = YES;
				CLANG_WARN_INFINITE_RECURSION = YES;
				CLANG_WARN_INT_CONVERSION = YES;
				CLANG_WARN_OBJC_ROOT_CLASS = YES_ERROR;
				CLANG_WARN_SUSPICIOUS_MOVE = YES;
				CLANG_WARN_UNREACHABLE_CODE = YES;
				CLANG_WARN__DUPLICATE_METHOD_MATCH = YES;
				CODE_SIGN_IDENTITY = "-";
				COMBINE_HIDPI_IMAGES = YES;
				COPY_PHASE_STRIP = NO;
				CURRENT_PROJECT_VERSION = 1;
				DEBUG_INFORMATION_FORMAT = "dwarf-with-dsym";
				DEFINES_MODULE = YES;
				DYLIB_COMPATIBILITY_VERSION = 1;
				DYLIB_CURRENT_VERSION = 1;
				DYLIB_INSTALL_NAME_BASE = "@rpath";
				ENABLE_NS_ASSERTIONS = NO;
				ENABLE_STRICT_OBJC_MSGSEND = YES;
				FRAMEWORK_VERSION = A;
				GCC_C_LANGUAGE_STANDARD = gnu99;
				GCC_NO_COMMON_BLOCKS = YES;
				GCC_WARN_64_TO_32_BIT_CONVERSION = YES;
				GCC_WARN_ABOUT_RETURN_TYPE = YES_ERROR;
				GCC_WARN_UNDECLARED_SELECTOR = YES;
				GCC_WARN_UNINITIALIZED_AUTOS = YES_AGGRESSIVE;
				GCC_WARN_UNUSED_FUNCTION = YES;
				GCC_WARN_UNUSED_VARIABLE = YES;
				INFOPLIST_FILE = CollectionBenchmarks/Info.plist;
				INSTALL_PATH = "$(LOCAL_LIBRARY_DIR)/Frameworks";
				LD_RUNPATH_SEARCH_PATHS = "$(inherited) @executable_path/../Frameworks @loader_path/Frameworks";
				MACOSX_DEPLOYMENT_TARGET = 10.12;
				MTL_ENABLE_DEBUG_INFO = NO;
				PRODUCT_BUNDLE_IDENTIFIER = hu.lorentey.CollectionBenchmarks;
				PRODUCT_NAME = "$(TARGET_NAME)";
				SDKROOT = macosx;
				SKIP_INSTALL = YES;
				SWIFT_OPTIMIZATION_LEVEL = "-Owholemodule";
				SWIFT_VERSION = 3.0;
				VERSIONING_SYSTEM = "apple-generic";
				VERSION_INFO_PREFIX = "";
			};
			name = Optimized;
		};
		BB8E0DC81E316CC800505773 /* WholeModule */ = {
			isa = XCBuildConfiguration;
			buildSettings = {
				ALWAYS_SEARCH_USER_PATHS = NO;
				CLANG_ANALYZER_NONNULL = YES;
				CLANG_CXX_LANGUAGE_STANDARD = "gnu++0x";
				CLANG_CXX_LIBRARY = "libc++";
				CLANG_ENABLE_MODULES = YES;
				CLANG_ENABLE_OBJC_ARC = YES;
				CLANG_WARN_BOOL_CONVERSION = YES;
				CLANG_WARN_CONSTANT_CONVERSION = YES;
				CLANG_WARN_DIRECT_OBJC_ISA_USAGE = YES_ERROR;
				CLANG_WARN_DOCUMENTATION_COMMENTS = YES;
				CLANG_WARN_EMPTY_BODY = YES;
				CLANG_WARN_ENUM_CONVERSION = YES;
				CLANG_WARN_INFINITE_RECURSION = YES;
				CLANG_WARN_INT_CONVERSION = YES;
				CLANG_WARN_OBJC_ROOT_CLASS = YES_ERROR;
				CLANG_WARN_SUSPICIOUS_MOVE = YES;
				CLANG_WARN_UNREACHABLE_CODE = YES;
				CLANG_WARN__DUPLICATE_METHOD_MATCH = YES;
				CODE_SIGN_IDENTITY = "-";
				COMBINE_HIDPI_IMAGES = YES;
				COPY_PHASE_STRIP = NO;
				CURRENT_PROJECT_VERSION = 1;
				DEBUG_INFORMATION_FORMAT = "dwarf-with-dsym";
				DEFINES_MODULE = YES;
				DYLIB_COMPATIBILITY_VERSION = 1;
				DYLIB_CURRENT_VERSION = 1;
				DYLIB_INSTALL_NAME_BASE = "@rpath";
				ENABLE_NS_ASSERTIONS = NO;
				ENABLE_STRICT_OBJC_MSGSEND = YES;
				FRAMEWORK_VERSION = A;
				GCC_C_LANGUAGE_STANDARD = gnu99;
				GCC_NO_COMMON_BLOCKS = YES;
				GCC_WARN_64_TO_32_BIT_CONVERSION = YES;
				GCC_WARN_ABOUT_RETURN_TYPE = YES_ERROR;
				GCC_WARN_UNDECLARED_SELECTOR = YES;
				GCC_WARN_UNINITIALIZED_AUTOS = YES_AGGRESSIVE;
				GCC_WARN_UNUSED_FUNCTION = YES;
				GCC_WARN_UNUSED_VARIABLE = YES;
				INFOPLIST_FILE = CollectionBenchmarks/Info.plist;
				INSTALL_PATH = "$(LOCAL_LIBRARY_DIR)/Frameworks";
				LD_RUNPATH_SEARCH_PATHS = "$(inherited) @executable_path/../Frameworks @loader_path/Frameworks";
				MACOSX_DEPLOYMENT_TARGET = 10.12;
				MTL_ENABLE_DEBUG_INFO = NO;
				PRODUCT_BUNDLE_IDENTIFIER = hu.lorentey.CollectionBenchmarks;
				PRODUCT_NAME = "$(TARGET_NAME)";
				SDKROOT = macosx;
				SKIP_INSTALL = YES;
				SWIFT_OPTIMIZATION_LEVEL = "-Owholemodule";
				SWIFT_VERSION = 3.0;
				VERSIONING_SYSTEM = "apple-generic";
				VERSION_INFO_PREFIX = "";
			};
			name = WholeModule;
		};
		BB8E0DC91E316CC800505773 /* Unchecked */ = {
			isa = XCBuildConfiguration;
			buildSettings = {
				ALWAYS_SEARCH_USER_PATHS = NO;
				CLANG_ANALYZER_NONNULL = YES;
				CLANG_CXX_LANGUAGE_STANDARD = "gnu++0x";
				CLANG_CXX_LIBRARY = "libc++";
				CLANG_ENABLE_MODULES = YES;
				CLANG_ENABLE_OBJC_ARC = YES;
				CLANG_WARN_BOOL_CONVERSION = YES;
				CLANG_WARN_CONSTANT_CONVERSION = YES;
				CLANG_WARN_DIRECT_OBJC_ISA_USAGE = YES_ERROR;
				CLANG_WARN_DOCUMENTATION_COMMENTS = YES;
				CLANG_WARN_EMPTY_BODY = YES;
				CLANG_WARN_ENUM_CONVERSION = YES;
				CLANG_WARN_INFINITE_RECURSION = YES;
				CLANG_WARN_INT_CONVERSION = YES;
				CLANG_WARN_OBJC_ROOT_CLASS = YES_ERROR;
				CLANG_WARN_SUSPICIOUS_MOVE = YES;
				CLANG_WARN_UNREACHABLE_CODE = YES;
				CLANG_WARN__DUPLICATE_METHOD_MATCH = YES;
				CODE_SIGN_IDENTITY = "-";
				COMBINE_HIDPI_IMAGES = YES;
				COPY_PHASE_STRIP = NO;
				CURRENT_PROJECT_VERSION = 1;
				DEBUG_INFORMATION_FORMAT = "dwarf-with-dsym";
				DEFINES_MODULE = YES;
				DYLIB_COMPATIBILITY_VERSION = 1;
				DYLIB_CURRENT_VERSION = 1;
				DYLIB_INSTALL_NAME_BASE = "@rpath";
				ENABLE_NS_ASSERTIONS = NO;
				ENABLE_STRICT_OBJC_MSGSEND = YES;
				FRAMEWORK_VERSION = A;
				GCC_C_LANGUAGE_STANDARD = gnu99;
				GCC_NO_COMMON_BLOCKS = YES;
				GCC_WARN_64_TO_32_BIT_CONVERSION = YES;
				GCC_WARN_ABOUT_RETURN_TYPE = YES_ERROR;
				GCC_WARN_UNDECLARED_SELECTOR = YES;
				GCC_WARN_UNINITIALIZED_AUTOS = YES_AGGRESSIVE;
				GCC_WARN_UNUSED_FUNCTION = YES;
				GCC_WARN_UNUSED_VARIABLE = YES;
				INFOPLIST_FILE = CollectionBenchmarks/Info.plist;
				INSTALL_PATH = "$(LOCAL_LIBRARY_DIR)/Frameworks";
				LD_RUNPATH_SEARCH_PATHS = "$(inherited) @executable_path/../Frameworks @loader_path/Frameworks";
				MACOSX_DEPLOYMENT_TARGET = 10.12;
				MTL_ENABLE_DEBUG_INFO = NO;
				PRODUCT_BUNDLE_IDENTIFIER = hu.lorentey.CollectionBenchmarks;
				PRODUCT_NAME = "$(TARGET_NAME)";
				SDKROOT = macosx;
				SKIP_INSTALL = YES;
				SWIFT_OPTIMIZATION_LEVEL = "-Owholemodule";
				SWIFT_VERSION = 3.0;
				VERSIONING_SYSTEM = "apple-generic";
				VERSION_INFO_PREFIX = "";
			};
			name = Unchecked;
		};
		BB8E0DE91E3237D900505773 /* Debug */ = {
			isa = XCBuildConfiguration;
			buildSettings = {
				CLANG_ENABLE_MODULES = YES;
				CODE_SIGN_IDENTITY = "";
				COMBINE_HIDPI_IMAGES = YES;
				CURRENT_PROJECT_VERSION = 1;
				DEFINES_MODULE = YES;
				DYLIB_COMPATIBILITY_VERSION = 1;
				DYLIB_CURRENT_VERSION = 1;
				DYLIB_INSTALL_NAME_BASE = "@rpath";
				FRAMEWORK_SEARCH_PATHS = (
					"$(inherited)",
					"$(PROJECT_DIR)/Carthage/Build/Mac",
				);
				FRAMEWORK_VERSION = A;
				INFOPLIST_FILE = BenchmarkingTools/Info.plist;
				INSTALL_PATH = "$(LOCAL_LIBRARY_DIR)/Frameworks";
				LD_RUNPATH_SEARCH_PATHS = "$(inherited) @executable_path/../Frameworks @loader_path/Frameworks";
				PRODUCT_BUNDLE_IDENTIFIER = hu.lorentey.BenchmarkingTools;
				PRODUCT_NAME = "$(TARGET_NAME)";
				SKIP_INSTALL = YES;
				SWIFT_ACTIVE_COMPILATION_CONDITIONS = DEBUG;
				SWIFT_OPTIMIZATION_LEVEL = "-Onone";
				SWIFT_VERSION = 3.0;
				VERSIONING_SYSTEM = "apple-generic";
				VERSION_INFO_PREFIX = "";
			};
			name = Debug;
		};
		BB8E0DEA1E3237D900505773 /* Optimized */ = {
			isa = XCBuildConfiguration;
			buildSettings = {
				ALWAYS_SEARCH_USER_PATHS = NO;
				CLANG_ANALYZER_NONNULL = YES;
				CLANG_CXX_LANGUAGE_STANDARD = "gnu++0x";
				CLANG_CXX_LIBRARY = "libc++";
				CLANG_ENABLE_MODULES = YES;
				CLANG_ENABLE_OBJC_ARC = YES;
				CLANG_WARN_BOOL_CONVERSION = YES;
				CLANG_WARN_CONSTANT_CONVERSION = YES;
				CLANG_WARN_DIRECT_OBJC_ISA_USAGE = YES_ERROR;
				CLANG_WARN_DOCUMENTATION_COMMENTS = YES;
				CLANG_WARN_EMPTY_BODY = YES;
				CLANG_WARN_ENUM_CONVERSION = YES;
				CLANG_WARN_INFINITE_RECURSION = YES;
				CLANG_WARN_INT_CONVERSION = YES;
				CLANG_WARN_OBJC_ROOT_CLASS = YES_ERROR;
				CLANG_WARN_SUSPICIOUS_MOVE = YES;
				CLANG_WARN_UNREACHABLE_CODE = YES;
				CLANG_WARN__DUPLICATE_METHOD_MATCH = YES;
				CODE_SIGN_IDENTITY = "-";
				COMBINE_HIDPI_IMAGES = YES;
				COPY_PHASE_STRIP = NO;
				CURRENT_PROJECT_VERSION = 1;
				DEBUG_INFORMATION_FORMAT = "dwarf-with-dsym";
				DEFINES_MODULE = YES;
				DYLIB_COMPATIBILITY_VERSION = 1;
				DYLIB_CURRENT_VERSION = 1;
				DYLIB_INSTALL_NAME_BASE = "@rpath";
				ENABLE_NS_ASSERTIONS = NO;
				ENABLE_STRICT_OBJC_MSGSEND = YES;
				FRAMEWORK_SEARCH_PATHS = (
					"$(inherited)",
					"$(PROJECT_DIR)/Carthage/Build/Mac",
				);
				FRAMEWORK_VERSION = A;
				GCC_C_LANGUAGE_STANDARD = gnu99;
				GCC_NO_COMMON_BLOCKS = YES;
				GCC_WARN_64_TO_32_BIT_CONVERSION = YES;
				GCC_WARN_ABOUT_RETURN_TYPE = YES_ERROR;
				GCC_WARN_UNDECLARED_SELECTOR = YES;
				GCC_WARN_UNINITIALIZED_AUTOS = YES_AGGRESSIVE;
				GCC_WARN_UNUSED_FUNCTION = YES;
				GCC_WARN_UNUSED_VARIABLE = YES;
				INFOPLIST_FILE = BenchmarkingTools/Info.plist;
				INSTALL_PATH = "$(LOCAL_LIBRARY_DIR)/Frameworks";
				LD_RUNPATH_SEARCH_PATHS = "$(inherited) @executable_path/../Frameworks @loader_path/Frameworks";
				MACOSX_DEPLOYMENT_TARGET = 10.12;
				MTL_ENABLE_DEBUG_INFO = NO;
				PRODUCT_BUNDLE_IDENTIFIER = hu.lorentey.BenchmarkingTools;
				PRODUCT_NAME = "$(TARGET_NAME)";
				SDKROOT = macosx;
				SKIP_INSTALL = YES;
				SWIFT_OPTIMIZATION_LEVEL = "-Owholemodule";
				SWIFT_VERSION = 3.0;
				VERSIONING_SYSTEM = "apple-generic";
				VERSION_INFO_PREFIX = "";
			};
			name = Optimized;
		};
		BB8E0DEB1E3237D900505773 /* WholeModule */ = {
			isa = XCBuildConfiguration;
			buildSettings = {
				ALWAYS_SEARCH_USER_PATHS = NO;
				CLANG_ANALYZER_NONNULL = YES;
				CLANG_CXX_LANGUAGE_STANDARD = "gnu++0x";
				CLANG_CXX_LIBRARY = "libc++";
				CLANG_ENABLE_MODULES = YES;
				CLANG_ENABLE_OBJC_ARC = YES;
				CLANG_WARN_BOOL_CONVERSION = YES;
				CLANG_WARN_CONSTANT_CONVERSION = YES;
				CLANG_WARN_DIRECT_OBJC_ISA_USAGE = YES_ERROR;
				CLANG_WARN_DOCUMENTATION_COMMENTS = YES;
				CLANG_WARN_EMPTY_BODY = YES;
				CLANG_WARN_ENUM_CONVERSION = YES;
				CLANG_WARN_INFINITE_RECURSION = YES;
				CLANG_WARN_INT_CONVERSION = YES;
				CLANG_WARN_OBJC_ROOT_CLASS = YES_ERROR;
				CLANG_WARN_SUSPICIOUS_MOVE = YES;
				CLANG_WARN_UNREACHABLE_CODE = YES;
				CLANG_WARN__DUPLICATE_METHOD_MATCH = YES;
				CODE_SIGN_IDENTITY = "-";
				COMBINE_HIDPI_IMAGES = YES;
				COPY_PHASE_STRIP = NO;
				CURRENT_PROJECT_VERSION = 1;
				DEBUG_INFORMATION_FORMAT = "dwarf-with-dsym";
				DEFINES_MODULE = YES;
				DYLIB_COMPATIBILITY_VERSION = 1;
				DYLIB_CURRENT_VERSION = 1;
				DYLIB_INSTALL_NAME_BASE = "@rpath";
				ENABLE_NS_ASSERTIONS = NO;
				ENABLE_STRICT_OBJC_MSGSEND = YES;
				FRAMEWORK_SEARCH_PATHS = (
					"$(inherited)",
					"$(PROJECT_DIR)/Carthage/Build/Mac",
				);
				FRAMEWORK_VERSION = A;
				GCC_C_LANGUAGE_STANDARD = gnu99;
				GCC_NO_COMMON_BLOCKS = YES;
				GCC_WARN_64_TO_32_BIT_CONVERSION = YES;
				GCC_WARN_ABOUT_RETURN_TYPE = YES_ERROR;
				GCC_WARN_UNDECLARED_SELECTOR = YES;
				GCC_WARN_UNINITIALIZED_AUTOS = YES_AGGRESSIVE;
				GCC_WARN_UNUSED_FUNCTION = YES;
				GCC_WARN_UNUSED_VARIABLE = YES;
				INFOPLIST_FILE = BenchmarkingTools/Info.plist;
				INSTALL_PATH = "$(LOCAL_LIBRARY_DIR)/Frameworks";
				LD_RUNPATH_SEARCH_PATHS = "$(inherited) @executable_path/../Frameworks @loader_path/Frameworks";
				MACOSX_DEPLOYMENT_TARGET = 10.12;
				MTL_ENABLE_DEBUG_INFO = NO;
				PRODUCT_BUNDLE_IDENTIFIER = hu.lorentey.BenchmarkingTools;
				PRODUCT_NAME = "$(TARGET_NAME)";
				SDKROOT = macosx;
				SKIP_INSTALL = YES;
				SWIFT_OPTIMIZATION_LEVEL = "-Owholemodule";
				SWIFT_VERSION = 3.0;
				VERSIONING_SYSTEM = "apple-generic";
				VERSION_INFO_PREFIX = "";
			};
			name = WholeModule;
		};
		BB8E0DEC1E3237D900505773 /* Unchecked */ = {
			isa = XCBuildConfiguration;
			buildSettings = {
				ALWAYS_SEARCH_USER_PATHS = NO;
				CLANG_ANALYZER_NONNULL = YES;
				CLANG_CXX_LANGUAGE_STANDARD = "gnu++0x";
				CLANG_CXX_LIBRARY = "libc++";
				CLANG_ENABLE_MODULES = YES;
				CLANG_ENABLE_OBJC_ARC = YES;
				CLANG_WARN_BOOL_CONVERSION = YES;
				CLANG_WARN_CONSTANT_CONVERSION = YES;
				CLANG_WARN_DIRECT_OBJC_ISA_USAGE = YES_ERROR;
				CLANG_WARN_DOCUMENTATION_COMMENTS = YES;
				CLANG_WARN_EMPTY_BODY = YES;
				CLANG_WARN_ENUM_CONVERSION = YES;
				CLANG_WARN_INFINITE_RECURSION = YES;
				CLANG_WARN_INT_CONVERSION = YES;
				CLANG_WARN_OBJC_ROOT_CLASS = YES_ERROR;
				CLANG_WARN_SUSPICIOUS_MOVE = YES;
				CLANG_WARN_UNREACHABLE_CODE = YES;
				CLANG_WARN__DUPLICATE_METHOD_MATCH = YES;
				CODE_SIGN_IDENTITY = "-";
				COMBINE_HIDPI_IMAGES = YES;
				COPY_PHASE_STRIP = NO;
				CURRENT_PROJECT_VERSION = 1;
				DEBUG_INFORMATION_FORMAT = "dwarf-with-dsym";
				DEFINES_MODULE = YES;
				DYLIB_COMPATIBILITY_VERSION = 1;
				DYLIB_CURRENT_VERSION = 1;
				DYLIB_INSTALL_NAME_BASE = "@rpath";
				ENABLE_NS_ASSERTIONS = NO;
				ENABLE_STRICT_OBJC_MSGSEND = YES;
				FRAMEWORK_SEARCH_PATHS = (
					"$(inherited)",
					"$(PROJECT_DIR)/Carthage/Build/Mac",
				);
				FRAMEWORK_VERSION = A;
				GCC_C_LANGUAGE_STANDARD = gnu99;
				GCC_NO_COMMON_BLOCKS = YES;
				GCC_WARN_64_TO_32_BIT_CONVERSION = YES;
				GCC_WARN_ABOUT_RETURN_TYPE = YES_ERROR;
				GCC_WARN_UNDECLARED_SELECTOR = YES;
				GCC_WARN_UNINITIALIZED_AUTOS = YES_AGGRESSIVE;
				GCC_WARN_UNUSED_FUNCTION = YES;
				GCC_WARN_UNUSED_VARIABLE = YES;
				INFOPLIST_FILE = BenchmarkingTools/Info.plist;
				INSTALL_PATH = "$(LOCAL_LIBRARY_DIR)/Frameworks";
				LD_RUNPATH_SEARCH_PATHS = "$(inherited) @executable_path/../Frameworks @loader_path/Frameworks";
				MACOSX_DEPLOYMENT_TARGET = 10.12;
				MTL_ENABLE_DEBUG_INFO = NO;
				PRODUCT_BUNDLE_IDENTIFIER = hu.lorentey.BenchmarkingTools;
				PRODUCT_NAME = "$(TARGET_NAME)";
				SDKROOT = macosx;
				SKIP_INSTALL = YES;
				SWIFT_OPTIMIZATION_LEVEL = "-Owholemodule";
				SWIFT_VERSION = 3.0;
				VERSIONING_SYSTEM = "apple-generic";
				VERSION_INFO_PREFIX = "";
			};
			name = Unchecked;
		};
		BB8E0DEE1E3237D900505773 /* Debug */ = {
			isa = XCBuildConfiguration;
			buildSettings = {
				ALWAYS_EMBED_SWIFT_STANDARD_LIBRARIES = YES;
				COMBINE_HIDPI_IMAGES = YES;
				INFOPLIST_FILE = BenchmarkingToolsTests/Info.plist;
				LD_RUNPATH_SEARCH_PATHS = "$(inherited) @executable_path/../Frameworks @loader_path/../Frameworks";
				PRODUCT_BUNDLE_IDENTIFIER = hu.lorentey.BenchmarkingToolsTests;
				PRODUCT_NAME = "$(TARGET_NAME)";
				SWIFT_ACTIVE_COMPILATION_CONDITIONS = DEBUG;
				SWIFT_VERSION = 3.0;
				TEST_HOST = "$(BUILT_PRODUCTS_DIR)/Benchmark.app/Contents/MacOS/Benchmark";
			};
			name = Debug;
		};
		BB8E0DEF1E3237D900505773 /* Optimized */ = {
			isa = XCBuildConfiguration;
			buildSettings = {
				ALWAYS_EMBED_SWIFT_STANDARD_LIBRARIES = YES;
				ALWAYS_SEARCH_USER_PATHS = NO;
				CLANG_ANALYZER_NONNULL = YES;
				CLANG_CXX_LANGUAGE_STANDARD = "gnu++0x";
				CLANG_CXX_LIBRARY = "libc++";
				CLANG_ENABLE_MODULES = YES;
				CLANG_ENABLE_OBJC_ARC = YES;
				CLANG_WARN_BOOL_CONVERSION = YES;
				CLANG_WARN_CONSTANT_CONVERSION = YES;
				CLANG_WARN_DIRECT_OBJC_ISA_USAGE = YES_ERROR;
				CLANG_WARN_DOCUMENTATION_COMMENTS = YES;
				CLANG_WARN_EMPTY_BODY = YES;
				CLANG_WARN_ENUM_CONVERSION = YES;
				CLANG_WARN_INFINITE_RECURSION = YES;
				CLANG_WARN_INT_CONVERSION = YES;
				CLANG_WARN_OBJC_ROOT_CLASS = YES_ERROR;
				CLANG_WARN_SUSPICIOUS_MOVE = YES;
				CLANG_WARN_UNREACHABLE_CODE = YES;
				CLANG_WARN__DUPLICATE_METHOD_MATCH = YES;
				CODE_SIGN_IDENTITY = "-";
				COMBINE_HIDPI_IMAGES = YES;
				COPY_PHASE_STRIP = NO;
				DEBUG_INFORMATION_FORMAT = "dwarf-with-dsym";
				ENABLE_NS_ASSERTIONS = NO;
				ENABLE_STRICT_OBJC_MSGSEND = YES;
				GCC_C_LANGUAGE_STANDARD = gnu99;
				GCC_NO_COMMON_BLOCKS = YES;
				GCC_WARN_64_TO_32_BIT_CONVERSION = YES;
				GCC_WARN_ABOUT_RETURN_TYPE = YES_ERROR;
				GCC_WARN_UNDECLARED_SELECTOR = YES;
				GCC_WARN_UNINITIALIZED_AUTOS = YES_AGGRESSIVE;
				GCC_WARN_UNUSED_FUNCTION = YES;
				GCC_WARN_UNUSED_VARIABLE = YES;
				INFOPLIST_FILE = BenchmarkingToolsTests/Info.plist;
				LD_RUNPATH_SEARCH_PATHS = "$(inherited) @executable_path/../Frameworks @loader_path/../Frameworks";
				MACOSX_DEPLOYMENT_TARGET = 10.12;
				MTL_ENABLE_DEBUG_INFO = NO;
				PRODUCT_BUNDLE_IDENTIFIER = hu.lorentey.BenchmarkingToolsTests;
				PRODUCT_NAME = "$(TARGET_NAME)";
				SDKROOT = macosx;
				SWIFT_OPTIMIZATION_LEVEL = "-Owholemodule";
				SWIFT_VERSION = 3.0;
				TEST_HOST = "$(BUILT_PRODUCTS_DIR)/Benchmark.app/Contents/MacOS/Benchmark";
			};
			name = Optimized;
		};
		BB8E0DF01E3237D900505773 /* WholeModule */ = {
			isa = XCBuildConfiguration;
			buildSettings = {
				ALWAYS_EMBED_SWIFT_STANDARD_LIBRARIES = YES;
				ALWAYS_SEARCH_USER_PATHS = NO;
				CLANG_ANALYZER_NONNULL = YES;
				CLANG_CXX_LANGUAGE_STANDARD = "gnu++0x";
				CLANG_CXX_LIBRARY = "libc++";
				CLANG_ENABLE_MODULES = YES;
				CLANG_ENABLE_OBJC_ARC = YES;
				CLANG_WARN_BOOL_CONVERSION = YES;
				CLANG_WARN_CONSTANT_CONVERSION = YES;
				CLANG_WARN_DIRECT_OBJC_ISA_USAGE = YES_ERROR;
				CLANG_WARN_DOCUMENTATION_COMMENTS = YES;
				CLANG_WARN_EMPTY_BODY = YES;
				CLANG_WARN_ENUM_CONVERSION = YES;
				CLANG_WARN_INFINITE_RECURSION = YES;
				CLANG_WARN_INT_CONVERSION = YES;
				CLANG_WARN_OBJC_ROOT_CLASS = YES_ERROR;
				CLANG_WARN_SUSPICIOUS_MOVE = YES;
				CLANG_WARN_UNREACHABLE_CODE = YES;
				CLANG_WARN__DUPLICATE_METHOD_MATCH = YES;
				CODE_SIGN_IDENTITY = "-";
				COMBINE_HIDPI_IMAGES = YES;
				COPY_PHASE_STRIP = NO;
				DEBUG_INFORMATION_FORMAT = "dwarf-with-dsym";
				ENABLE_NS_ASSERTIONS = NO;
				ENABLE_STRICT_OBJC_MSGSEND = YES;
				GCC_C_LANGUAGE_STANDARD = gnu99;
				GCC_NO_COMMON_BLOCKS = YES;
				GCC_WARN_64_TO_32_BIT_CONVERSION = YES;
				GCC_WARN_ABOUT_RETURN_TYPE = YES_ERROR;
				GCC_WARN_UNDECLARED_SELECTOR = YES;
				GCC_WARN_UNINITIALIZED_AUTOS = YES_AGGRESSIVE;
				GCC_WARN_UNUSED_FUNCTION = YES;
				GCC_WARN_UNUSED_VARIABLE = YES;
				INFOPLIST_FILE = BenchmarkingToolsTests/Info.plist;
				LD_RUNPATH_SEARCH_PATHS = "$(inherited) @executable_path/../Frameworks @loader_path/../Frameworks";
				MACOSX_DEPLOYMENT_TARGET = 10.12;
				MTL_ENABLE_DEBUG_INFO = NO;
				PRODUCT_BUNDLE_IDENTIFIER = hu.lorentey.BenchmarkingToolsTests;
				PRODUCT_NAME = "$(TARGET_NAME)";
				SDKROOT = macosx;
				SWIFT_OPTIMIZATION_LEVEL = "-Owholemodule";
				SWIFT_VERSION = 3.0;
				TEST_HOST = "$(BUILT_PRODUCTS_DIR)/Benchmark.app/Contents/MacOS/Benchmark";
			};
			name = WholeModule;
		};
		BB8E0DF11E3237D900505773 /* Unchecked */ = {
			isa = XCBuildConfiguration;
			buildSettings = {
				ALWAYS_EMBED_SWIFT_STANDARD_LIBRARIES = YES;
				ALWAYS_SEARCH_USER_PATHS = NO;
				CLANG_ANALYZER_NONNULL = YES;
				CLANG_CXX_LANGUAGE_STANDARD = "gnu++0x";
				CLANG_CXX_LIBRARY = "libc++";
				CLANG_ENABLE_MODULES = YES;
				CLANG_ENABLE_OBJC_ARC = YES;
				CLANG_WARN_BOOL_CONVERSION = YES;
				CLANG_WARN_CONSTANT_CONVERSION = YES;
				CLANG_WARN_DIRECT_OBJC_ISA_USAGE = YES_ERROR;
				CLANG_WARN_DOCUMENTATION_COMMENTS = YES;
				CLANG_WARN_EMPTY_BODY = YES;
				CLANG_WARN_ENUM_CONVERSION = YES;
				CLANG_WARN_INFINITE_RECURSION = YES;
				CLANG_WARN_INT_CONVERSION = YES;
				CLANG_WARN_OBJC_ROOT_CLASS = YES_ERROR;
				CLANG_WARN_SUSPICIOUS_MOVE = YES;
				CLANG_WARN_UNREACHABLE_CODE = YES;
				CLANG_WARN__DUPLICATE_METHOD_MATCH = YES;
				CODE_SIGN_IDENTITY = "-";
				COMBINE_HIDPI_IMAGES = YES;
				COPY_PHASE_STRIP = NO;
				DEBUG_INFORMATION_FORMAT = "dwarf-with-dsym";
				ENABLE_NS_ASSERTIONS = NO;
				ENABLE_STRICT_OBJC_MSGSEND = YES;
				GCC_C_LANGUAGE_STANDARD = gnu99;
				GCC_NO_COMMON_BLOCKS = YES;
				GCC_WARN_64_TO_32_BIT_CONVERSION = YES;
				GCC_WARN_ABOUT_RETURN_TYPE = YES_ERROR;
				GCC_WARN_UNDECLARED_SELECTOR = YES;
				GCC_WARN_UNINITIALIZED_AUTOS = YES_AGGRESSIVE;
				GCC_WARN_UNUSED_FUNCTION = YES;
				GCC_WARN_UNUSED_VARIABLE = YES;
				INFOPLIST_FILE = BenchmarkingToolsTests/Info.plist;
				LD_RUNPATH_SEARCH_PATHS = "$(inherited) @executable_path/../Frameworks @loader_path/../Frameworks";
				MACOSX_DEPLOYMENT_TARGET = 10.12;
				MTL_ENABLE_DEBUG_INFO = NO;
				PRODUCT_BUNDLE_IDENTIFIER = hu.lorentey.BenchmarkingToolsTests;
				PRODUCT_NAME = "$(TARGET_NAME)";
				SDKROOT = macosx;
				SWIFT_OPTIMIZATION_LEVEL = "-Owholemodule";
				SWIFT_VERSION = 3.0;
				TEST_HOST = "$(BUILT_PRODUCTS_DIR)/Benchmark.app/Contents/MacOS/Benchmark";
			};
			name = Unchecked;
		};
/* End XCBuildConfiguration section */

/* Begin XCConfigurationList section */
		BB1DA9C81E2E5923000F2B03 /* Build configuration list for PBXProject "dotSwift" */ = {
			isa = XCConfigurationList;
			buildConfigurations = (
				BB1DA9D21E2E5923000F2B03 /* Debug */,
				BB1DA9D31E2E5923000F2B03 /* Optimized */,
				BB144F231E3054B400C8A6E7 /* WholeModule */,
				BB144F251E3054D100C8A6E7 /* Unchecked */,
			);
			defaultConfigurationIsVisible = 0;
			defaultConfigurationName = Optimized;
		};
		BB83AAD21E3125D000BFE22D /* Build configuration list for PBXNativeTarget "Benchmark" */ = {
			isa = XCConfigurationList;
			buildConfigurations = (
				BB83AACE1E3125D000BFE22D /* Debug */,
				BB83AACF1E3125D000BFE22D /* Optimized */,
				BB83AAD01E3125D000BFE22D /* WholeModule */,
				BB83AAD11E3125D000BFE22D /* Unchecked */,
			);
			defaultConfigurationIsVisible = 0;
			defaultConfigurationName = Optimized;
		};
		BB8E0DC51E316CC800505773 /* Build configuration list for PBXNativeTarget "CollectionBenchmarks" */ = {
			isa = XCConfigurationList;
			buildConfigurations = (
				BB8E0DC61E316CC800505773 /* Debug */,
				BB8E0DC71E316CC800505773 /* Optimized */,
				BB8E0DC81E316CC800505773 /* WholeModule */,
				BB8E0DC91E316CC800505773 /* Unchecked */,
			);
			defaultConfigurationIsVisible = 0;
			defaultConfigurationName = Optimized;
		};
		BB8E0DE81E3237D900505773 /* Build configuration list for PBXNativeTarget "BenchmarkingTools" */ = {
			isa = XCConfigurationList;
			buildConfigurations = (
				BB8E0DE91E3237D900505773 /* Debug */,
				BB8E0DEA1E3237D900505773 /* Optimized */,
				BB8E0DEB1E3237D900505773 /* WholeModule */,
				BB8E0DEC1E3237D900505773 /* Unchecked */,
			);
			defaultConfigurationIsVisible = 0;
			defaultConfigurationName = Optimized;
		};
		BB8E0DED1E3237D900505773 /* Build configuration list for PBXNativeTarget "BenchmarkingToolsTests" */ = {
			isa = XCConfigurationList;
			buildConfigurations = (
				BB8E0DEE1E3237D900505773 /* Debug */,
				BB8E0DEF1E3237D900505773 /* Optimized */,
				BB8E0DF01E3237D900505773 /* WholeModule */,
				BB8E0DF11E3237D900505773 /* Unchecked */,
			);
			defaultConfigurationIsVisible = 0;
			defaultConfigurationName = Optimized;
		};
/* End XCConfigurationList section */
	};
	rootObject = BB1DA9C51E2E5923000F2B03 /* Project object */;
}
